// !$*UTF8*$!
{
	archiveVersion = 1;
	classes = {
	};
	objectVersion = 46;
	objects = {

/* Begin PBXBuildFile section */
		4960E38D1A687B60002895D0 /* main.m in Sources */ = {isa = PBXBuildFile; fileRef = 4960E38C1A687B60002895D0 /* main.m */; };
		4960E3901A687B60002895D0 /* AppDelegate.m in Sources */ = {isa = PBXBuildFile; fileRef = 4960E38F1A687B60002895D0 /* AppDelegate.m */; };
		4960E3931A687B61002895D0 /* practica01.xcdatamodeld in Sources */ = {isa = PBXBuildFile; fileRef = 4960E3911A687B61002895D0 /* practica01.xcdatamodeld */; };
		4960E3961A687B61002895D0 /* ViewController.m in Sources */ = {isa = PBXBuildFile; fileRef = 4960E3951A687B61002895D0 /* ViewController.m */; };
		4960E3991A687B61002895D0 /* Main.storyboard in Resources */ = {isa = PBXBuildFile; fileRef = 4960E3971A687B61002895D0 /* Main.storyboard */; };
		4960E39B1A687B61002895D0 /* Images.xcassets in Resources */ = {isa = PBXBuildFile; fileRef = 4960E39A1A687B61002895D0 /* Images.xcassets */; };
		4960E39E1A687B61002895D0 /* LaunchScreen.xib in Resources */ = {isa = PBXBuildFile; fileRef = 4960E39C1A687B61002895D0 /* LaunchScreen.xib */; };
		4960E3AA1A687B61002895D0 /* practica01Tests.m in Sources */ = {isa = PBXBuildFile; fileRef = 4960E3A91A687B61002895D0 /* practica01Tests.m */; };
/* End PBXBuildFile section */

/* Begin PBXContainerItemProxy section */
		4960E3A41A687B61002895D0 /* PBXContainerItemProxy */ = {
			isa = PBXContainerItemProxy;
			containerPortal = 4960E37F1A687B60002895D0 /* Project object */;
			proxyType = 1;
			remoteGlobalIDString = 4960E3861A687B60002895D0;
			remoteInfo = practica01;
		};
/* End PBXContainerItemProxy section */

/* Begin PBXFileReference section */
		4960E3871A687B60002895D0 /* practica01.app */ = {isa = PBXFileReference; explicitFileType = wrapper.application; includeInIndex = 0; path = practica01.app; sourceTree = BUILT_PRODUCTS_DIR; };
		4960E38B1A687B60002895D0 /* Info.plist */ = {isa = PBXFileReference; lastKnownFileType = text.plist.xml; path = Info.plist; sourceTree = "<group>"; };
		4960E38C1A687B60002895D0 /* main.m */ = {isa = PBXFileReference; lastKnownFileType = sourcecode.c.objc; path = main.m; sourceTree = "<group>"; };
		4960E38E1A687B60002895D0 /* AppDelegate.h */ = {isa = PBXFileReference; lastKnownFileType = sourcecode.c.h; path = AppDelegate.h; sourceTree = "<group>"; };
		4960E38F1A687B60002895D0 /* AppDelegate.m */ = {isa = PBXFileReference; lastKnownFileType = sourcecode.c.objc; path = AppDelegate.m; sourceTree = "<group>"; };
		4960E3921A687B61002895D0 /* practica01.xcdatamodel */ = {isa = PBXFileReference; lastKnownFileType = wrapper.xcdatamodel; path = practica01.xcdatamodel; sourceTree = "<group>"; };
		4960E3941A687B61002895D0 /* ViewController.h */ = {isa = PBXFileReference; lastKnownFileType = sourcecode.c.h; path = ViewController.h; sourceTree = "<group>"; };
		4960E3951A687B61002895D0 /* ViewController.m */ = {isa = PBXFileReference; lastKnownFileType = sourcecode.c.objc; path = ViewController.m; sourceTree = "<group>"; };
		4960E3981A687B61002895D0 /* Base */ = {isa = PBXFileReference; lastKnownFileType = file.storyboard; name = Base; path = Base.lproj/Main.storyboard; sourceTree = "<group>"; };
		4960E39A1A687B61002895D0 /* Images.xcassets */ = {isa = PBXFileReference; lastKnownFileType = folder.assetcatalog; path = Images.xcassets; sourceTree = "<group>"; };
		4960E39D1A687B61002895D0 /* Base */ = {isa = PBXFileReference; lastKnownFileType = file.xib; name = Base; path = Base.lproj/LaunchScreen.xib; sourceTree = "<group>"; };
		4960E3A31A687B61002895D0 /* practica01Tests.xctest */ = {isa = PBXFileReference; explicitFileType = wrapper.cfbundle; includeInIndex = 0; path = practica01Tests.xctest; sourceTree = BUILT_PRODUCTS_DIR; };
		4960E3A81A687B61002895D0 /* Info.plist */ = {isa = PBXFileReference; lastKnownFileType = text.plist.xml; path = Info.plist; sourceTree = "<group>"; };
		4960E3A91A687B61002895D0 /* practica01Tests.m */ = {isa = PBXFileReference; lastKnownFileType = sourcecode.c.objc; path = practica01Tests.m; sourceTree = "<group>"; };
/* End PBXFileReference section */

/* Begin PBXFrameworksBuildPhase section */
		4960E3841A687B60002895D0 /* Frameworks */ = {
			isa = PBXFrameworksBuildPhase;
			buildActionMask = 2147483647;
			files = (
			);
			runOnlyForDeploymentPostprocessing = 0;
		};
		4960E3A01A687B61002895D0 /* Frameworks */ = {
			isa = PBXFrameworksBuildPhase;
			buildActionMask = 2147483647;
			files = (
			);
			runOnlyForDeploymentPostprocessing = 0;
		};
/* End PBXFrameworksBuildPhase section */

/* Begin PBXGroup section */
		4960E37E1A687B60002895D0 = {
			isa = PBXGroup;
			children = (
				4960E3891A687B60002895D0 /* practica01 */,
				4960E3A61A687B61002895D0 /* practica01Tests */,
				4960E3881A687B60002895D0 /* Products */,
			);
			sourceTree = "<group>";
		};
		4960E3881A687B60002895D0 /* Products */ = {
			isa = PBXGroup;
			children = (
				4960E3871A687B60002895D0 /* practica01.app */,
				4960E3A31A687B61002895D0 /* practica01Tests.xctest */,
			);
			name = Products;
			sourceTree = "<group>";
		};
		4960E3891A687B60002895D0 /* practica01 */ = {
			isa = PBXGroup;
			children = (
				4960E38E1A687B60002895D0 /* AppDelegate.h */,
				4960E38F1A687B60002895D0 /* AppDelegate.m */,
				4960E3941A687B61002895D0 /* ViewController.h */,
				4960E3951A687B61002895D0 /* ViewController.m */,
				4960E3971A687B61002895D0 /* Main.storyboard */,
				4960E39A1A687B61002895D0 /* Images.xcassets */,
				4960E39C1A687B61002895D0 /* LaunchScreen.xib */,
				4960E3911A687B61002895D0 /* practica01.xcdatamodeld */,
				4960E38A1A687B60002895D0 /* Supporting Files */,
			);
			path = practica01;
			sourceTree = "<group>";
		};
		4960E38A1A687B60002895D0 /* Supporting Files */ = {
			isa = PBXGroup;
			children = (
				4960E38B1A687B60002895D0 /* Info.plist */,
				4960E38C1A687B60002895D0 /* main.m */,
			);
			name = "Supporting Files";
			sourceTree = "<group>";
		};
		4960E3A61A687B61002895D0 /* practica01Tests */ = {
			isa = PBXGroup;
			children = (
				4960E3A91A687B61002895D0 /* practica01Tests.m */,
				4960E3A71A687B61002895D0 /* Supporting Files */,
			);
			path = practica01Tests;
			sourceTree = "<group>";
		};
		4960E3A71A687B61002895D0 /* Supporting Files */ = {
			isa = PBXGroup;
			children = (
				4960E3A81A687B61002895D0 /* Info.plist */,
			);
			name = "Supporting Files";
			sourceTree = "<group>";
		};
/* End PBXGroup section */

/* Begin PBXNativeTarget section */
		4960E3861A687B60002895D0 /* practica01 */ = {
			isa = PBXNativeTarget;
			buildConfigurationList = 4960E3AD1A687B61002895D0 /* Build configuration list for PBXNativeTarget "practica01" */;
			buildPhases = (
				4960E3831A687B60002895D0 /* Sources */,
				4960E3841A687B60002895D0 /* Frameworks */,
				4960E3851A687B60002895D0 /* Resources */,
			);
			buildRules = (
			);
			dependencies = (
			);
			name = practica01;
			productName = practica01;
			productReference = 4960E3871A687B60002895D0 /* practica01.app */;
			productType = "com.apple.product-type.application";
		};
		4960E3A21A687B61002895D0 /* practica01Tests */ = {
			isa = PBXNativeTarget;
			buildConfigurationList = 4960E3B01A687B61002895D0 /* Build configuration list for PBXNativeTarget "practica01Tests" */;
			buildPhases = (
				4960E39F1A687B61002895D0 /* Sources */,
				4960E3A01A687B61002895D0 /* Frameworks */,
				4960E3A11A687B61002895D0 /* Resources */,
			);
			buildRules = (
			);
			dependencies = (
				4960E3A51A687B61002895D0 /* PBXTargetDependency */,
			);
			name = practica01Tests;
			productName = practica01Tests;
			productReference = 4960E3A31A687B61002895D0 /* practica01Tests.xctest */;
			productType = "com.apple.product-type.bundle.unit-test";
		};
/* End PBXNativeTarget section */

/* Begin PBXProject section */
		4960E37F1A687B60002895D0 /* Project object */ = {
			isa = PBXProject;
			attributes = {
				LastUpgradeCheck = 0610;
				ORGANIZATIONNAME = "miguel castro";
				TargetAttributes = {
					4960E3861A687B60002895D0 = {
						CreatedOnToolsVersion = 6.1.1;
					};
					4960E3A21A687B61002895D0 = {
						CreatedOnToolsVersion = 6.1.1;
						TestTargetID = 4960E3861A687B60002895D0;
					};
				};
			};
			buildConfigurationList = 4960E3821A687B60002895D0 /* Build configuration list for PBXProject "practica01" */;
			compatibilityVersion = "Xcode 3.2";
			developmentRegion = English;
			hasScannedForEncodings = 0;
			knownRegions = (
				en,
				Base,
			);
			mainGroup = 4960E37E1A687B60002895D0;
			productRefGroup = 4960E3881A687B60002895D0 /* Products */;
			projectDirPath = "";
			projectRoot = "";
			targets = (
				4960E3861A687B60002895D0 /* practica01 */,
				4960E3A21A687B61002895D0 /* practica01Tests */,
			);
		};
/* End PBXProject section */

/* Begin PBXResourcesBuildPhase section */
		4960E3851A687B60002895D0 /* Resources */ = {
			isa = PBXResourcesBuildPhase;
			buildActionMask = 2147483647;
			files = (
				4960E3991A687B61002895D0 /* Main.storyboard in Resources */,
				4960E39E1A687B61002895D0 /* LaunchScreen.xib in Resources */,
				4960E39B1A687B61002895D0 /* Images.xcassets in Resources */,
			);
			runOnlyForDeploymentPostprocessing = 0;
		};
		4960E3A11A687B61002895D0 /* Resources */ = {
			isa = PBXResourcesBuildPhase;
			buildActionMask = 2147483647;
			files = (
			);
			runOnlyForDeploymentPostprocessing = 0;
		};
/* End PBXResourcesBuildPhase section */

/* Begin PBXSourcesBuildPhase section */
		4960E3831A687B60002895D0 /* Sources */ = {
			isa = PBXSourcesBuildPhase;
			buildActionMask = 2147483647;
			files = (
				4960E3901A687B60002895D0 /* AppDelegate.m in Sources */,
				4960E3931A687B61002895D0 /* practica01.xcdatamodeld in Sources */,
				4960E3961A687B61002895D0 /* ViewController.m in Sources */,
				4960E38D1A687B60002895D0 /* main.m in Sources */,
			);
			runOnlyForDeploymentPostprocessing = 0;
		};
		4960E39F1A687B61002895D0 /* Sources */ = {
			isa = PBXSourcesBuildPhase;
			buildActionMask = 2147483647;
			files = (
				4960E3AA1A687B61002895D0 /* practica01Tests.m in Sources */,
			);
			runOnlyForDeploymentPostprocessing = 0;
		};
/* End PBXSourcesBuildPhase section */

/* Begin PBXTargetDependency section */
		4960E3A51A687B61002895D0 /* PBXTargetDependency */ = {
			isa = PBXTargetDependency;
			target = 4960E3861A687B60002895D0 /* practica01 */;
			targetProxy = 4960E3A41A687B61002895D0 /* PBXContainerItemProxy */;
		};
/* End PBXTargetDependency section */

/* Begin PBXVariantGroup section */
		4960E3971A687B61002895D0 /* Main.storyboard */ = {
			isa = PBXVariantGroup;
			children = (
				4960E3981A687B61002895D0 /* Base */,
			);
			name = Main.storyboard;
			sourceTree = "<group>";
		};
		4960E39C1A687B61002895D0 /* LaunchScreen.xib */ = {
			isa = PBXVariantGroup;
			children = (
				4960E39D1A687B61002895D0 /* Base */,
			);
			name = LaunchScreen.xib;
			sourceTree = "<group>";
		};
/* End PBXVariantGroup section */

/* Begin XCBuildConfiguration section */
		4960E3AB1A687B61002895D0 /* Debug */ = {
			isa = XCBuildConfiguration;
			buildSettings = {
				ALWAYS_SEARCH_USER_PATHS = NO;
				CLANG_CXX_LANGUAGE_STANDARD = "gnu++0x";
				CLANG_CXX_LIBRARY = "libc++";
				CLANG_ENABLE_MODULES = YES;
				CLANG_ENABLE_OBJC_ARC = YES;
				CLANG_WARN_BOOL_CONVERSION = YES;
				CLANG_WARN_CONSTANT_CONVERSION = YES;
				CLANG_WARN_DIRECT_OBJC_ISA_USAGE = YES_ERROR;
				CLANG_WARN_EMPTY_BODY = YES;
				CLANG_WARN_ENUM_CONVERSION = YES;
				CLANG_WARN_INT_CONVERSION = YES;
				CLANG_WARN_OBJC_ROOT_CLASS = YES_ERROR;
				CLANG_WARN_UNREACHABLE_CODE = YES;
				CLANG_WARN__DUPLICATE_METHOD_MATCH = YES;
				"CODE_SIGN_IDENTITY[sdk=iphoneos*]" = "iPhone Developer";
				COPY_PHASE_STRIP = NO;
				ENABLE_STRICT_OBJC_MSGSEND = YES;
				GCC_C_LANGUAGE_STANDARD = gnu99;
				GCC_DYNAMIC_NO_PIC = NO;
				GCC_OPTIMIZATION_LEVEL = 0;
				GCC_PREPROCESSOR_DEFINITIONS = (
					"DEBUG=1",
					"$(inherited)",
				);
				GCC_SYMBOLS_PRIVATE_EXTERN = NO;
				GCC_WARN_64_TO_32_BIT_CONVERSION = YES;
				GCC_WARN_ABOUT_RETURN_TYPE = YES_ERROR;
				GCC_WARN_UNDECLARED_SELECTOR = YES;
				GCC_WARN_UNINITIALIZED_AUTOS = YES_AGGRESSIVE;
				GCC_WARN_UNUSED_FUNCTION = YES;
				GCC_WARN_UNUSED_VARIABLE = YES;
				IPHONEOS_DEPLOYMENT_TARGET = 8.1;
				MTL_ENABLE_DEBUG_INFO = YES;
				ONLY_ACTIVE_ARCH = YES;
				SDKROOT = iphoneos;
			};
			name = Debug;
		};
		4960E3AC1A687B61002895D0 /* Release */ = {
			isa = XCBuildConfiguration;
			buildSettings = {
				ALWAYS_SEARCH_USER_PATHS = NO;
				CLANG_CXX_LANGUAGE_STANDARD = "gnu++0x";
				CLANG_CXX_LIBRARY = "libc++";
				CLANG_ENABLE_MODULES = YES;
				CLANG_ENABLE_OBJC_ARC = YES;
				CLANG_WARN_BOOL_CONVERSION = YES;
				CLANG_WARN_CONSTANT_CONVERSION = YES;
				CLANG_WARN_DIRECT_OBJC_ISA_USAGE = YES_ERROR;
				CLANG_WARN_EMPTY_BODY = YES;
				CLANG_WARN_ENUM_CONVERSION = YES;
				CLANG_WARN_INT_CONVERSION = YES;
				CLANG_WARN_OBJC_ROOT_CLASS = YES_ERROR;
				CLANG_WARN_UNREACHABLE_CODE = YES;
				CLANG_WARN__DUPLICATE_METHOD_MATCH = YES;
				"CODE_SIGN_IDENTITY[sdk=iphoneos*]" = "iPhone Developer";
				COPY_PHASE_STRIP = YES;
				ENABLE_NS_ASSERTIONS = NO;
				ENABLE_STRICT_OBJC_MSGSEND = YES;
				GCC_C_LANGUAGE_STANDARD = gnu99;
				GCC_WARN_64_TO_32_BIT_CONVERSION = YES;
				GCC_WARN_ABOUT_RETURN_TYPE = YES_ERROR;
				GCC_WARN_UNDECLARED_SELECTOR = YES;
				GCC_WARN_UNINITIALIZED_AUTOS = YES_AGGRESSIVE;
				GCC_WARN_UNUSED_FUNCTION = YES;
				GCC_WARN_UNUSED_VARIABLE = YES;
				IPHONEOS_DEPLOYMENT_TARGET = 8.1;
				MTL_ENABLE_DEBUG_INFO = NO;
				SDKROOT = iphoneos;
				VALIDATE_PRODUCT = YES;
			};
			name = Release;
		};
		4960E3AE1A687B61002895D0 /* Debug */ = {
			isa = XCBuildConfiguration;
			buildSettings = {
				ASSETCATALOG_COMPILER_APPICON_NAME = AppIcon;
				INFOPLIST_FILE = practica01/Info.plist;
				LD_RUNPATH_SEARCH_PATHS = "$(inherited) @executable_path/Frameworks";
				PRODUCT_NAME = "$(TARGET_NAME)";
			};
			name = Debug;
		};
		4960E3AF1A687B61002895D0 /* Release */ = {
			isa = XCBuildConfiguration;
			buildSettings = {
				ASSETCATALOG_COMPILER_APPICON_NAME = AppIcon;
				INFOPLIST_FILE = practica01/Info.plist;
				LD_RUNPATH_SEARCH_PATHS = "$(inherited) @executable_path/Frameworks";
				PRODUCT_NAME = "$(TARGET_NAME)";
			};
			name = Release;
		};
		4960E3B11A687B61002895D0 /* Debug */ = {
			isa = XCBuildConfiguration;
			buildSettings = {
				BUNDLE_LOADER = "$(TEST_HOST)";
				FRAMEWORK_SEARCH_PATHS = (
					"$(SDKROOT)/Developer/Library/Frameworks",
					"$(inherited)",
				);
				GCC_PREPROCESSOR_DEFINITIONS = (
					"DEBUG=1",
					"$(inherited)",
				);
				INFOPLIST_FILE = practica01Tests/Info.plist;
				LD_RUNPATH_SEARCH_PATHS = "$(inherited) @executable_path/Frameworks @loader_path/Frameworks";
				PRODUCT_NAME = "$(TARGET_NAME)";
				TEST_HOST = "$(BUILT_PRODUCTS_DIR)/practica01.app/practica01";
			};
			name = Debug;
		};
		4960E3B21A687B61002895D0 /* Release */ = {
			isa = XCBuildConfiguration;
			buildSettings = {
				BUNDLE_LOADER = "$(TEST_HOST)";
				FRAMEWORK_SEARCH_PATHS = (
					"$(SDKROOT)/Developer/Library/Frameworks",
					"$(inherited)",
				);
				INFOPLIST_FILE = practica01Tests/Info.plist;
				LD_RUNPATH_SEARCH_PATHS = "$(inherited) @executable_path/Frameworks @loader_path/Frameworks";
				PRODUCT_NAME = "$(TARGET_NAME)";
				TEST_HOST = "$(BUILT_PRODUCTS_DIR)/practica01.app/practica01";
			};
			name = Release;
		};
/* End XCBuildConfiguration section */

/* Begin XCConfigurationList section */
		4960E3821A687B60002895D0 /* Build configuration list for PBXProject "practica01" */ = {
			isa = XCConfigurationList;
			buildConfigurations = (
				4960E3AB1A687B61002895D0 /* Debug */,
				4960E3AC1A687B61002895D0 /* Release */,
			);
			defaultConfigurationIsVisible = 0;
			defaultConfigurationName = Release;
		};
		4960E3AD1A687B61002895D0 /* Build configuration list for PBXNativeTarget "practica01" */ = {
			isa = XCConfigurationList;
			buildConfigurations = (
				4960E3AE1A687B61002895D0 /* Debug */,
				4960E3AF1A687B61002895D0 /* Release */,
			);
			defaultConfigurationIsVisible = 0;
		};
		4960E3B01A687B61002895D0 /* Build configuration list for PBXNativeTarget "practica01Tests" */ = {
			isa = XCConfigurationList;
			buildConfigurations = (
				4960E3B11A687B61002895D0 /* Debug */,
				4960E3B21A687B61002895D0 /* Release */,
			);
			defaultConfigurationIsVisible = 0;
		};
/* End XCConfigurationList section */

/* Begin XCVersionGroup section */
		4960E3911A687B61002895D0 /* practica01.xcdatamodeld */ = {
			isa = XCVersionGroup;
			children = (
				4960E3921A687B61002895D0 /* practica01.xcdatamodel */,
			);
			currentVersion = 4960E3921A687B61002895D0 /* practica01.xcdatamodel */;
			path = practica01.xcdatamodeld;
			sourceTree = "<group>";
			versionGroupType = wrapper.xcdatamodel;
		};
/* End XCVersionGroup section */
	};
	rootObject = 4960E37F1A687B60002895D0 /* Project object */;
}
