// !$*UTF8*$!
{
	archiveVersion = 1;
	classes = {
	};
	objectVersion = 46;
	objects = {

/* Begin PBXBuildFile section */
		49C63ADE1ADF0B5A00EC68FA /* main.m in Sources */ = {isa = PBXBuildFile; fileRef = 49C63ADD1ADF0B5A00EC68FA /* main.m */; };
/* End PBXBuildFile section */

/* Begin PBXCopyFilesBuildPhase section */
		49C63AD81ADF0B5A00EC68FA /* CopyFiles */ = {
			isa = PBXCopyFilesBuildPhase;
			buildActionMask = 2147483647;
			dstPath = /usr/share/man/man1/;
			dstSubfolderSpec = 0;
			files = (
			);
			runOnlyForDeploymentPostprocessing = 1;
		};
/* End PBXCopyFilesBuildPhase section */

/* Begin PBXFileReference section */
		49C63ADA1ADF0B5A00EC68FA /* Exercise29 */ = {isa = PBXFileReference; explicitFileType = "compiled.mach-o.executable"; includeInIndex = 0; path = Exercise29; sourceTree = BUILT_PRODUCTS_DIR; };
		49C63ADD1ADF0B5A00EC68FA /* main.m */ = {isa = PBXFileReference; lastKnownFileType = sourcecode.c.objc; path = main.m; sourceTree = "<group>"; };
/* End PBXFileReference section */

/* Begin PBXFrameworksBuildPhase section */
		49C63AD71ADF0B5A00EC68FA /* Frameworks */ = {
			isa = PBXFrameworksBuildPhase;
			buildActionMask = 2147483647;
			files = (
			);
			runOnlyForDeploymentPostprocessing = 0;
		};
/* End PBXFrameworksBuildPhase section */

/* Begin PBXGroup section */
		49C63AD11ADF0B5A00EC68FA = {
			isa = PBXGroup;
			children = (
				49C63ADC1ADF0B5A00EC68FA /* Exercise29 */,
				49C63ADB1ADF0B5A00EC68FA /* Products */,
			);
			sourceTree = "<group>";
		};
		49C63ADB1ADF0B5A00EC68FA /* Products */ = {
			isa = PBXGroup;
			children = (
				49C63ADA1ADF0B5A00EC68FA /* Exercise29 */,
			);
			name = Products;
			sourceTree = "<group>";
		};
		49C63ADC1ADF0B5A00EC68FA /* Exercise29 */ = {
			isa = PBXGroup;
			children = (
				49C63ADD1ADF0B5A00EC68FA /* main.m */,
			);
			path = Exercise29;
			sourceTree = "<group>";
		};
/* End PBXGroup section */

/* Begin PBXNativeTarget section */
		49C63AD91ADF0B5A00EC68FA /* Exercise29 */ = {
			isa = PBXNativeTarget;
			buildConfigurationList = 49C63AE11ADF0B5A00EC68FA /* Build configuration list for PBXNativeTarget "Exercise29" */;
			buildPhases = (
				49C63AD61ADF0B5A00EC68FA /* Sources */,
				49C63AD71ADF0B5A00EC68FA /* Frameworks */,
				49C63AD81ADF0B5A00EC68FA /* CopyFiles */,
			);
			buildRules = (
			);
			dependencies = (
			);
			name = Exercise29;
			productName = Exercise29;
			productReference = 49C63ADA1ADF0B5A00EC68FA /* Exercise29 */;
			productType = "com.apple.product-type.tool";
		};
/* End PBXNativeTarget section */

/* Begin PBXProject section */
		49C63AD21ADF0B5A00EC68FA /* Project object */ = {
			isa = PBXProject;
			attributes = {
				LastUpgradeCheck = 0620;
				ORGANIZATIONNAME = "miguel castro";
				TargetAttributes = {
					49C63AD91ADF0B5A00EC68FA = {
						CreatedOnToolsVersion = 6.2;
					};
				};
			};
			buildConfigurationList = 49C63AD51ADF0B5A00EC68FA /* Build configuration list for PBXProject "Exercise29" */;
			compatibilityVersion = "Xcode 3.2";
			developmentRegion = English;
			hasScannedForEncodings = 0;
			knownRegions = (
				en,
			);
			mainGroup = 49C63AD11ADF0B5A00EC68FA;
			productRefGroup = 49C63ADB1ADF0B5A00EC68FA /* Products */;
			projectDirPath = "";
			projectRoot = "";
			targets = (
				49C63AD91ADF0B5A00EC68FA /* Exercise29 */,
			);
		};
/* End PBXProject section */

/* Begin PBXSourcesBuildPhase section */
		49C63AD61ADF0B5A00EC68FA /* Sources */ = {
			isa = PBXSourcesBuildPhase;
			buildActionMask = 2147483647;
			files = (
				49C63ADE1ADF0B5A00EC68FA /* main.m in Sources */,
			);
			runOnlyForDeploymentPostprocessing = 0;
		};
/* End PBXSourcesBuildPhase section */

/* Begin XCBuildConfiguration section */
		49C63ADF1ADF0B5A00EC68FA /* Debug */ = {
			isa = XCBuildConfiguration;
			buildSettings = {
				ALWAYS_SEARCH_USER_PATHS = NO;
				CLANG_CXX_LANGUAGE_STANDARD = "gnu++0x";
				CLANG_CXX_LIBRARY = "libc++";
				CLANG_ENABLE_MODULES = YES;
				CLANG_ENABLE_OBJC_ARC = YES;
				CLANG_WARN_BOOL_CONVERSION = YES;
				CLANG_WARN_CONSTANT_CONVERSION = YES;
				CLANG_WARN_DIRECT_OBJC_ISA_USAGE = YES_ERROR;
				CLANG_WARN_EMPTY_BODY = YES;
				CLANG_WARN_ENUM_CONVERSION = YES;
				CLANG_WARN_INT_CONVERSION = YES;
				CLANG_WARN_OBJC_ROOT_CLASS = YES_ERROR;
				CLANG_WARN_UNREACHABLE_CODE = YES;
				CLANG_WARN__DUPLICATE_METHOD_MATCH = YES;
				COPY_PHASE_STRIP = NO;
				ENABLE_STRICT_OBJC_MSGSEND = YES;
				GCC_C_LANGUAGE_STANDARD = gnu99;
				GCC_DYNAMIC_NO_PIC = NO;
				GCC_OPTIMIZATION_LEVEL = 0;
				GCC_PREPROCESSOR_DEFINITIONS = (
					"DEBUG=1",
					"$(inherited)",
				);
				GCC_SYMBOLS_PRIVATE_EXTERN = NO;
				GCC_WARN_64_TO_32_BIT_CONVERSION = YES;
				GCC_WARN_ABOUT_RETURN_TYPE = YES_ERROR;
				GCC_WARN_UNDECLARED_SELECTOR = YES;
				GCC_WARN_UNINITIALIZED_AUTOS = YES_AGGRESSIVE;
				GCC_WARN_UNUSED_FUNCTION = YES;
				GCC_WARN_UNUSED_VARIABLE = YES;
				MACOSX_DEPLOYMENT_TARGET = 10.10;
				MTL_ENABLE_DEBUG_INFO = YES;
				ONLY_ACTIVE_ARCH = YES;
				SDKROOT = macosx;
			};
			name = Debug;
		};
		49C63AE01ADF0B5A00EC68FA /* Release */ = {
			isa = XCBuildConfiguration;
			buildSettings = {
				ALWAYS_SEARCH_USER_PATHS = NO;
				CLANG_CXX_LANGUAGE_STANDARD = "gnu++0x";
				CLANG_CXX_LIBRARY = "libc++";
				CLANG_ENABLE_MODULES = YES;
				CLANG_ENABLE_OBJC_ARC = YES;
				CLANG_WARN_BOOL_CONVERSION = YES;
				CLANG_WARN_CONSTANT_CONVERSION = YES;
				CLANG_WARN_DIRECT_OBJC_ISA_USAGE = YES_ERROR;
				CLANG_WARN_EMPTY_BODY = YES;
				CLANG_WARN_ENUM_CONVERSION = YES;
				CLANG_WARN_INT_CONVERSION = YES;
				CLANG_WARN_OBJC_ROOT_CLASS = YES_ERROR;
				CLANG_WARN_UNREACHABLE_CODE = YES;
				CLANG_WARN__DUPLICATE_METHOD_MATCH = YES;
				COPY_PHASE_STRIP = NO;
				DEBUG_INFORMATION_FORMAT = "dwarf-with-dsym";
				ENABLE_NS_ASSERTIONS = NO;
				ENABLE_STRICT_OBJC_MSGSEND = YES;
				GCC_C_LANGUAGE_STANDARD = gnu99;
				GCC_WARN_64_TO_32_BIT_CONVERSION = YES;
				GCC_WARN_ABOUT_RETURN_TYPE = YES_ERROR;
				GCC_WARN_UNDECLARED_SELECTOR = YES;
				GCC_WARN_UNINITIALIZED_AUTOS = YES_AGGRESSIVE;
				GCC_WARN_UNUSED_FUNCTION = YES;
				GCC_WARN_UNUSED_VARIABLE = YES;
				MACOSX_DEPLOYMENT_TARGET = 10.10;
				MTL_ENABLE_DEBUG_INFO = NO;
				SDKROOT = macosx;
			};
			name = Release;
		};
		49C63AE21ADF0B5A00EC68FA /* Debug */ = {
			isa = XCBuildConfiguration;
			buildSettings = {
				PRODUCT_NAME = "$(TARGET_NAME)";
			};
			name = Debug;
		};
		49C63AE31ADF0B5A00EC68FA /* Release */ = {
			isa = XCBuildConfiguration;
			buildSettings = {
				PRODUCT_NAME = "$(TARGET_NAME)";
			};
			name = Release;
		};
/* End XCBuildConfiguration section */

/* Begin XCConfigurationList section */
		49C63AD51ADF0B5A00EC68FA /* Build configuration list for PBXProject "Exercise29" */ = {
			isa = XCConfigurationList;
			buildConfigurations = (
				49C63ADF1ADF0B5A00EC68FA /* Debug */,
				49C63AE01ADF0B5A00EC68FA /* Release */,
			);
			defaultConfigurationIsVisible = 0;
			defaultConfigurationName = Release;
		};
		49C63AE11ADF0B5A00EC68FA /* Build configuration list for PBXNativeTarget "Exercise29" */ = {
			isa = XCConfigurationList;
			buildConfigurations = (
				49C63AE21ADF0B5A00EC68FA /* Debug */,
				49C63AE31ADF0B5A00EC68FA /* Release */,
			);
			defaultConfigurationIsVisible = 0;
		};
/* End XCConfigurationList section */
	};
	rootObject = 49C63AD21ADF0B5A00EC68FA /* Project object */;
}
