// !$*UTF8*$!
{
	archiveVersion = 1;
	classes = {
	};
	objectVersion = 46;
	objects = {

/* Begin PBXBuildFile section */
		49A3FB731B61E4DD000D653A /* main.m in Sources */ = {isa = PBXBuildFile; fileRef = 49A3FB721B61E4DD000D653A /* main.m */; };
		49A3FB761B61E4DD000D653A /* AppDelegate.m in Sources */ = {isa = PBXBuildFile; fileRef = 49A3FB751B61E4DD000D653A /* AppDelegate.m */; };
		49A3FB791B61E4DD000D653A /* ViewController.m in Sources */ = {isa = PBXBuildFile; fileRef = 49A3FB781B61E4DD000D653A /* ViewController.m */; };
		49A3FB7C1B61E4DD000D653A /* Main.storyboard in Resources */ = {isa = PBXBuildFile; fileRef = 49A3FB7A1B61E4DD000D653A /* Main.storyboard */; };
		49A3FB7E1B61E4DD000D653A /* Images.xcassets in Resources */ = {isa = PBXBuildFile; fileRef = 49A3FB7D1B61E4DD000D653A /* Images.xcassets */; };
		49A3FB811B61E4DD000D653A /* LaunchScreen.xib in Resources */ = {isa = PBXBuildFile; fileRef = 49A3FB7F1B61E4DD000D653A /* LaunchScreen.xib */; };
		49A3FB8D1B61E4DD000D653A /* ProbandoTests.m in Sources */ = {isa = PBXBuildFile; fileRef = 49A3FB8C1B61E4DD000D653A /* ProbandoTests.m */; };
/* End PBXBuildFile section */

/* Begin PBXContainerItemProxy section */
		49A3FB871B61E4DD000D653A /* PBXContainerItemProxy */ = {
			isa = PBXContainerItemProxy;
			containerPortal = 49A3FB651B61E4DD000D653A /* Project object */;
			proxyType = 1;
			remoteGlobalIDString = 49A3FB6C1B61E4DD000D653A;
			remoteInfo = Probando;
		};
/* End PBXContainerItemProxy section */

/* Begin PBXFileReference section */
		49A3FB6D1B61E4DD000D653A /* Probando.app */ = {isa = PBXFileReference; explicitFileType = wrapper.application; includeInIndex = 0; path = Probando.app; sourceTree = BUILT_PRODUCTS_DIR; };
		49A3FB711B61E4DD000D653A /* Info.plist */ = {isa = PBXFileReference; lastKnownFileType = text.plist.xml; path = Info.plist; sourceTree = "<group>"; };
		49A3FB721B61E4DD000D653A /* main.m */ = {isa = PBXFileReference; lastKnownFileType = sourcecode.c.objc; path = main.m; sourceTree = "<group>"; };
		49A3FB741B61E4DD000D653A /* AppDelegate.h */ = {isa = PBXFileReference; lastKnownFileType = sourcecode.c.h; path = AppDelegate.h; sourceTree = "<group>"; };
		49A3FB751B61E4DD000D653A /* AppDelegate.m */ = {isa = PBXFileReference; lastKnownFileType = sourcecode.c.objc; path = AppDelegate.m; sourceTree = "<group>"; };
		49A3FB771B61E4DD000D653A /* ViewController.h */ = {isa = PBXFileReference; lastKnownFileType = sourcecode.c.h; path = ViewController.h; sourceTree = "<group>"; };
		49A3FB781B61E4DD000D653A /* ViewController.m */ = {isa = PBXFileReference; lastKnownFileType = sourcecode.c.objc; path = ViewController.m; sourceTree = "<group>"; };
		49A3FB7B1B61E4DD000D653A /* Base */ = {isa = PBXFileReference; lastKnownFileType = file.storyboard; name = Base; path = Base.lproj/Main.storyboard; sourceTree = "<group>"; };
		49A3FB7D1B61E4DD000D653A /* Images.xcassets */ = {isa = PBXFileReference; lastKnownFileType = folder.assetcatalog; path = Images.xcassets; sourceTree = "<group>"; };
		49A3FB801B61E4DD000D653A /* Base */ = {isa = PBXFileReference; lastKnownFileType = file.xib; name = Base; path = Base.lproj/LaunchScreen.xib; sourceTree = "<group>"; };
		49A3FB861B61E4DD000D653A /* ProbandoTests.xctest */ = {isa = PBXFileReference; explicitFileType = wrapper.cfbundle; includeInIndex = 0; path = ProbandoTests.xctest; sourceTree = BUILT_PRODUCTS_DIR; };
		49A3FB8B1B61E4DD000D653A /* Info.plist */ = {isa = PBXFileReference; lastKnownFileType = text.plist.xml; path = Info.plist; sourceTree = "<group>"; };
		49A3FB8C1B61E4DD000D653A /* ProbandoTests.m */ = {isa = PBXFileReference; lastKnownFileType = sourcecode.c.objc; path = ProbandoTests.m; sourceTree = "<group>"; };
/* End PBXFileReference section */

/* Begin PBXFrameworksBuildPhase section */
		49A3FB6A1B61E4DD000D653A /* Frameworks */ = {
			isa = PBXFrameworksBuildPhase;
			buildActionMask = 2147483647;
			files = (
			);
			runOnlyForDeploymentPostprocessing = 0;
		};
		49A3FB831B61E4DD000D653A /* Frameworks */ = {
			isa = PBXFrameworksBuildPhase;
			buildActionMask = 2147483647;
			files = (
			);
			runOnlyForDeploymentPostprocessing = 0;
		};
/* End PBXFrameworksBuildPhase section */

/* Begin PBXGroup section */
		49A3FB641B61E4DD000D653A = {
			isa = PBXGroup;
			children = (
				49A3FB6F1B61E4DD000D653A /* Probando */,
				49A3FB891B61E4DD000D653A /* ProbandoTests */,
				49A3FB6E1B61E4DD000D653A /* Products */,
			);
			sourceTree = "<group>";
		};
		49A3FB6E1B61E4DD000D653A /* Products */ = {
			isa = PBXGroup;
			children = (
				49A3FB6D1B61E4DD000D653A /* Probando.app */,
				49A3FB861B61E4DD000D653A /* ProbandoTests.xctest */,
			);
			name = Products;
			sourceTree = "<group>";
		};
		49A3FB6F1B61E4DD000D653A /* Probando */ = {
			isa = PBXGroup;
			children = (
				49A3FB741B61E4DD000D653A /* AppDelegate.h */,
				49A3FB751B61E4DD000D653A /* AppDelegate.m */,
				49A3FB771B61E4DD000D653A /* ViewController.h */,
				49A3FB781B61E4DD000D653A /* ViewController.m */,
				49A3FB7A1B61E4DD000D653A /* Main.storyboard */,
				49A3FB7D1B61E4DD000D653A /* Images.xcassets */,
				49A3FB7F1B61E4DD000D653A /* LaunchScreen.xib */,
				49A3FB701B61E4DD000D653A /* Supporting Files */,
			);
			path = Probando;
			sourceTree = "<group>";
		};
		49A3FB701B61E4DD000D653A /* Supporting Files */ = {
			isa = PBXGroup;
			children = (
				49A3FB711B61E4DD000D653A /* Info.plist */,
				49A3FB721B61E4DD000D653A /* main.m */,
			);
			name = "Supporting Files";
			sourceTree = "<group>";
		};
		49A3FB891B61E4DD000D653A /* ProbandoTests */ = {
			isa = PBXGroup;
			children = (
				49A3FB8C1B61E4DD000D653A /* ProbandoTests.m */,
				49A3FB8A1B61E4DD000D653A /* Supporting Files */,
			);
			path = ProbandoTests;
			sourceTree = "<group>";
		};
		49A3FB8A1B61E4DD000D653A /* Supporting Files */ = {
			isa = PBXGroup;
			children = (
				49A3FB8B1B61E4DD000D653A /* Info.plist */,
			);
			name = "Supporting Files";
			sourceTree = "<group>";
		};
/* End PBXGroup section */

/* Begin PBXNativeTarget section */
		49A3FB6C1B61E4DD000D653A /* Probando */ = {
			isa = PBXNativeTarget;
			buildConfigurationList = 49A3FB901B61E4DD000D653A /* Build configuration list for PBXNativeTarget "Probando" */;
			buildPhases = (
				49A3FB691B61E4DD000D653A /* Sources */,
				49A3FB6A1B61E4DD000D653A /* Frameworks */,
				49A3FB6B1B61E4DD000D653A /* Resources */,
			);
			buildRules = (
			);
			dependencies = (
			);
			name = Probando;
			productName = Probando;
			productReference = 49A3FB6D1B61E4DD000D653A /* Probando.app */;
			productType = "com.apple.product-type.application";
		};
		49A3FB851B61E4DD000D653A /* ProbandoTests */ = {
			isa = PBXNativeTarget;
			buildConfigurationList = 49A3FB931B61E4DD000D653A /* Build configuration list for PBXNativeTarget "ProbandoTests" */;
			buildPhases = (
				49A3FB821B61E4DD000D653A /* Sources */,
				49A3FB831B61E4DD000D653A /* Frameworks */,
				49A3FB841B61E4DD000D653A /* Resources */,
			);
			buildRules = (
			);
			dependencies = (
				49A3FB881B61E4DD000D653A /* PBXTargetDependency */,
			);
			name = ProbandoTests;
			productName = ProbandoTests;
			productReference = 49A3FB861B61E4DD000D653A /* ProbandoTests.xctest */;
			productType = "com.apple.product-type.bundle.unit-test";
		};
/* End PBXNativeTarget section */

/* Begin PBXProject section */
		49A3FB651B61E4DD000D653A /* Project object */ = {
			isa = PBXProject;
			attributes = {
				LastUpgradeCheck = 0630;
				ORGANIZATIONNAME = "miguel castro";
				TargetAttributes = {
					49A3FB6C1B61E4DD000D653A = {
						CreatedOnToolsVersion = 6.3.2;
					};
					49A3FB851B61E4DD000D653A = {
						CreatedOnToolsVersion = 6.3.2;
						TestTargetID = 49A3FB6C1B61E4DD000D653A;
					};
				};
			};
			buildConfigurationList = 49A3FB681B61E4DD000D653A /* Build configuration list for PBXProject "Probando" */;
			compatibilityVersion = "Xcode 3.2";
			developmentRegion = English;
			hasScannedForEncodings = 0;
			knownRegions = (
				en,
				Base,
			);
			mainGroup = 49A3FB641B61E4DD000D653A;
			productRefGroup = 49A3FB6E1B61E4DD000D653A /* Products */;
			projectDirPath = "";
			projectRoot = "";
			targets = (
				49A3FB6C1B61E4DD000D653A /* Probando */,
				49A3FB851B61E4DD000D653A /* ProbandoTests */,
			);
		};
/* End PBXProject section */

/* Begin PBXResourcesBuildPhase section */
		49A3FB6B1B61E4DD000D653A /* Resources */ = {
			isa = PBXResourcesBuildPhase;
			buildActionMask = 2147483647;
			files = (
				49A3FB7C1B61E4DD000D653A /* Main.storyboard in Resources */,
				49A3FB811B61E4DD000D653A /* LaunchScreen.xib in Resources */,
				49A3FB7E1B61E4DD000D653A /* Images.xcassets in Resources */,
			);
			runOnlyForDeploymentPostprocessing = 0;
		};
		49A3FB841B61E4DD000D653A /* Resources */ = {
			isa = PBXResourcesBuildPhase;
			buildActionMask = 2147483647;
			files = (
			);
			runOnlyForDeploymentPostprocessing = 0;
		};
/* End PBXResourcesBuildPhase section */

/* Begin PBXSourcesBuildPhase section */
		49A3FB691B61E4DD000D653A /* Sources */ = {
			isa = PBXSourcesBuildPhase;
			buildActionMask = 2147483647;
			files = (
				49A3FB791B61E4DD000D653A /* ViewController.m in Sources */,
				49A3FB761B61E4DD000D653A /* AppDelegate.m in Sources */,
				49A3FB731B61E4DD000D653A /* main.m in Sources */,
			);
			runOnlyForDeploymentPostprocessing = 0;
		};
		49A3FB821B61E4DD000D653A /* Sources */ = {
			isa = PBXSourcesBuildPhase;
			buildActionMask = 2147483647;
			files = (
				49A3FB8D1B61E4DD000D653A /* ProbandoTests.m in Sources */,
			);
			runOnlyForDeploymentPostprocessing = 0;
		};
/* End PBXSourcesBuildPhase section */

/* Begin PBXTargetDependency section */
		49A3FB881B61E4DD000D653A /* PBXTargetDependency */ = {
			isa = PBXTargetDependency;
			target = 49A3FB6C1B61E4DD000D653A /* Probando */;
			targetProxy = 49A3FB871B61E4DD000D653A /* PBXContainerItemProxy */;
		};
/* End PBXTargetDependency section */

/* Begin PBXVariantGroup section */
		49A3FB7A1B61E4DD000D653A /* Main.storyboard */ = {
			isa = PBXVariantGroup;
			children = (
				49A3FB7B1B61E4DD000D653A /* Base */,
			);
			name = Main.storyboard;
			sourceTree = "<group>";
		};
		49A3FB7F1B61E4DD000D653A /* LaunchScreen.xib */ = {
			isa = PBXVariantGroup;
			children = (
				49A3FB801B61E4DD000D653A /* Base */,
			);
			name = LaunchScreen.xib;
			sourceTree = "<group>";
		};
/* End PBXVariantGroup section */

/* Begin XCBuildConfiguration section */
		49A3FB8E1B61E4DD000D653A /* Debug */ = {
			isa = XCBuildConfiguration;
			buildSettings = {
				ALWAYS_SEARCH_USER_PATHS = NO;
				CLANG_CXX_LANGUAGE_STANDARD = "gnu++0x";
				CLANG_CXX_LIBRARY = "libc++";
				CLANG_ENABLE_MODULES = YES;
				CLANG_ENABLE_OBJC_ARC = YES;
				CLANG_WARN_BOOL_CONVERSION = YES;
				CLANG_WARN_CONSTANT_CONVERSION = YES;
				CLANG_WARN_DIRECT_OBJC_ISA_USAGE = YES_ERROR;
				CLANG_WARN_EMPTY_BODY = YES;
				CLANG_WARN_ENUM_CONVERSION = YES;
				CLANG_WARN_INT_CONVERSION = YES;
				CLANG_WARN_OBJC_ROOT_CLASS = YES_ERROR;
				CLANG_WARN_UNREACHABLE_CODE = YES;
				CLANG_WARN__DUPLICATE_METHOD_MATCH = YES;
				"CODE_SIGN_IDENTITY[sdk=iphoneos*]" = "iPhone Developer";
				COPY_PHASE_STRIP = NO;
				DEBUG_INFORMATION_FORMAT = "dwarf-with-dsym";
				ENABLE_STRICT_OBJC_MSGSEND = YES;
				GCC_C_LANGUAGE_STANDARD = gnu99;
				GCC_DYNAMIC_NO_PIC = NO;
				GCC_NO_COMMON_BLOCKS = YES;
				GCC_OPTIMIZATION_LEVEL = 0;
				GCC_PREPROCESSOR_DEFINITIONS = (
					"DEBUG=1",
					"$(inherited)",
				);
				GCC_SYMBOLS_PRIVATE_EXTERN = NO;
				GCC_WARN_64_TO_32_BIT_CONVERSION = YES;
				GCC_WARN_ABOUT_RETURN_TYPE = YES_ERROR;
				GCC_WARN_UNDECLARED_SELECTOR = YES;
				GCC_WARN_UNINITIALIZED_AUTOS = YES_AGGRESSIVE;
				GCC_WARN_UNUSED_FUNCTION = YES;
				GCC_WARN_UNUSED_VARIABLE = YES;
				IPHONEOS_DEPLOYMENT_TARGET = 8.3;
				MTL_ENABLE_DEBUG_INFO = YES;
				ONLY_ACTIVE_ARCH = YES;
				SDKROOT = iphoneos;
			};
			name = Debug;
		};
		49A3FB8F1B61E4DD000D653A /* Release */ = {
			isa = XCBuildConfiguration;
			buildSettings = {
				ALWAYS_SEARCH_USER_PATHS = NO;
				CLANG_CXX_LANGUAGE_STANDARD = "gnu++0x";
				CLANG_CXX_LIBRARY = "libc++";
				CLANG_ENABLE_MODULES = YES;
				CLANG_ENABLE_OBJC_ARC = YES;
				CLANG_WARN_BOOL_CONVERSION = YES;
				CLANG_WARN_CONSTANT_CONVERSION = YES;
				CLANG_WARN_DIRECT_OBJC_ISA_USAGE = YES_ERROR;
				CLANG_WARN_EMPTY_BODY = YES;
				CLANG_WARN_ENUM_CONVERSION = YES;
				CLANG_WARN_INT_CONVERSION = YES;
				CLANG_WARN_OBJC_ROOT_CLASS = YES_ERROR;
				CLANG_WARN_UNREACHABLE_CODE = YES;
				CLANG_WARN__DUPLICATE_METHOD_MATCH = YES;
				"CODE_SIGN_IDENTITY[sdk=iphoneos*]" = "iPhone Developer";
				COPY_PHASE_STRIP = NO;
				DEBUG_INFORMATION_FORMAT = "dwarf-with-dsym";
				ENABLE_NS_ASSERTIONS = NO;
				ENABLE_STRICT_OBJC_MSGSEND = YES;
				GCC_C_LANGUAGE_STANDARD = gnu99;
				GCC_NO_COMMON_BLOCKS = YES;
				GCC_WARN_64_TO_32_BIT_CONVERSION = YES;
				GCC_WARN_ABOUT_RETURN_TYPE = YES_ERROR;
				GCC_WARN_UNDECLARED_SELECTOR = YES;
				GCC_WARN_UNINITIALIZED_AUTOS = YES_AGGRESSIVE;
				GCC_WARN_UNUSED_FUNCTION = YES;
				GCC_WARN_UNUSED_VARIABLE = YES;
				IPHONEOS_DEPLOYMENT_TARGET = 8.3;
				MTL_ENABLE_DEBUG_INFO = NO;
				SDKROOT = iphoneos;
				VALIDATE_PRODUCT = YES;
			};
			name = Release;
		};
		49A3FB911B61E4DD000D653A /* Debug */ = {
			isa = XCBuildConfiguration;
			buildSettings = {
				ASSETCATALOG_COMPILER_APPICON_NAME = AppIcon;
				INFOPLIST_FILE = Probando/Info.plist;
				LD_RUNPATH_SEARCH_PATHS = "$(inherited) @executable_path/Frameworks";
				PRODUCT_NAME = "$(TARGET_NAME)";
			};
			name = Debug;
		};
		49A3FB921B61E4DD000D653A /* Release */ = {
			isa = XCBuildConfiguration;
			buildSettings = {
				ASSETCATALOG_COMPILER_APPICON_NAME = AppIcon;
				INFOPLIST_FILE = Probando/Info.plist;
				LD_RUNPATH_SEARCH_PATHS = "$(inherited) @executable_path/Frameworks";
				PRODUCT_NAME = "$(TARGET_NAME)";
			};
			name = Release;
		};
		49A3FB941B61E4DD000D653A /* Debug */ = {
			isa = XCBuildConfiguration;
			buildSettings = {
				BUNDLE_LOADER = "$(TEST_HOST)";
				FRAMEWORK_SEARCH_PATHS = (
					"$(SDKROOT)/Developer/Library/Frameworks",
					"$(inherited)",
				);
				GCC_PREPROCESSOR_DEFINITIONS = (
					"DEBUG=1",
					"$(inherited)",
				);
				INFOPLIST_FILE = ProbandoTests/Info.plist;
				LD_RUNPATH_SEARCH_PATHS = "$(inherited) @executable_path/Frameworks @loader_path/Frameworks";
				PRODUCT_NAME = "$(TARGET_NAME)";
				TEST_HOST = "$(BUILT_PRODUCTS_DIR)/Probando.app/Probando";
			};
			name = Debug;
		};
		49A3FB951B61E4DD000D653A /* Release */ = {
			isa = XCBuildConfiguration;
			buildSettings = {
				BUNDLE_LOADER = "$(TEST_HOST)";
				FRAMEWORK_SEARCH_PATHS = (
					"$(SDKROOT)/Developer/Library/Frameworks",
					"$(inherited)",
				);
				INFOPLIST_FILE = ProbandoTests/Info.plist;
				LD_RUNPATH_SEARCH_PATHS = "$(inherited) @executable_path/Frameworks @loader_path/Frameworks";
				PRODUCT_NAME = "$(TARGET_NAME)";
				TEST_HOST = "$(BUILT_PRODUCTS_DIR)/Probando.app/Probando";
			};
			name = Release;
		};
/* End XCBuildConfiguration section */

/* Begin XCConfigurationList section */
		49A3FB681B61E4DD000D653A /* Build configuration list for PBXProject "Probando" */ = {
			isa = XCConfigurationList;
			buildConfigurations = (
				49A3FB8E1B61E4DD000D653A /* Debug */,
				49A3FB8F1B61E4DD000D653A /* Release */,
			);
			defaultConfigurationIsVisible = 0;
			defaultConfigurationName = Release;
		};
		49A3FB901B61E4DD000D653A /* Build configuration list for PBXNativeTarget "Probando" */ = {
			isa = XCConfigurationList;
			buildConfigurations = (
				49A3FB911B61E4DD000D653A /* Debug */,
				49A3FB921B61E4DD000D653A /* Release */,
			);
			defaultConfigurationIsVisible = 0;
		};
		49A3FB931B61E4DD000D653A /* Build configuration list for PBXNativeTarget "ProbandoTests" */ = {
			isa = XCConfigurationList;
			buildConfigurations = (
				49A3FB941B61E4DD000D653A /* Debug */,
				49A3FB951B61E4DD000D653A /* Release */,
			);
			defaultConfigurationIsVisible = 0;
		};
/* End XCConfigurationList section */
	};
	rootObject = 49A3FB651B61E4DD000D653A /* Project object */;
}
