// !$*UTF8*$!
{
	archiveVersion = 1;
	classes = {
	};
	objectVersion = 46;
	objects = {

/* Begin PBXBuildFile section */
		49ABA0961A81301300622F4E /* main.m in Sources */ = {isa = PBXBuildFile; fileRef = 49ABA0951A81301300622F4E /* main.m */; };
		49ABA0991A81301300622F4E /* AppDelegate.m in Sources */ = {isa = PBXBuildFile; fileRef = 49ABA0981A81301300622F4E /* AppDelegate.m */; };
		49ABA09C1A81301300622F4E /* Delegados.xcdatamodeld in Sources */ = {isa = PBXBuildFile; fileRef = 49ABA09A1A81301300622F4E /* Delegados.xcdatamodeld */; };
		49ABA09F1A81301300622F4E /* ViewController.m in Sources */ = {isa = PBXBuildFile; fileRef = 49ABA09E1A81301300622F4E /* ViewController.m */; };
		49ABA0A21A81301300622F4E /* Main.storyboard in Resources */ = {isa = PBXBuildFile; fileRef = 49ABA0A01A81301300622F4E /* Main.storyboard */; };
		49ABA0A41A81301300622F4E /* Images.xcassets in Resources */ = {isa = PBXBuildFile; fileRef = 49ABA0A31A81301300622F4E /* Images.xcassets */; };
		49ABA0A71A81301300622F4E /* LaunchScreen.xib in Resources */ = {isa = PBXBuildFile; fileRef = 49ABA0A51A81301300622F4E /* LaunchScreen.xib */; };
		49ABA0B31A81301300622F4E /* DelegadosTests.m in Sources */ = {isa = PBXBuildFile; fileRef = 49ABA0B21A81301300622F4E /* DelegadosTests.m */; };
/* End PBXBuildFile section */

/* Begin PBXContainerItemProxy section */
		49ABA0AD1A81301300622F4E /* PBXContainerItemProxy */ = {
			isa = PBXContainerItemProxy;
			containerPortal = 49ABA0881A81301300622F4E /* Project object */;
			proxyType = 1;
			remoteGlobalIDString = 49ABA08F1A81301300622F4E;
			remoteInfo = Delegados;
		};
/* End PBXContainerItemProxy section */

/* Begin PBXFileReference section */
		49ABA0901A81301300622F4E /* Delegados.app */ = {isa = PBXFileReference; explicitFileType = wrapper.application; includeInIndex = 0; path = Delegados.app; sourceTree = BUILT_PRODUCTS_DIR; };
		49ABA0941A81301300622F4E /* Info.plist */ = {isa = PBXFileReference; lastKnownFileType = text.plist.xml; path = Info.plist; sourceTree = "<group>"; };
		49ABA0951A81301300622F4E /* main.m */ = {isa = PBXFileReference; lastKnownFileType = sourcecode.c.objc; path = main.m; sourceTree = "<group>"; };
		49ABA0971A81301300622F4E /* AppDelegate.h */ = {isa = PBXFileReference; lastKnownFileType = sourcecode.c.h; path = AppDelegate.h; sourceTree = "<group>"; };
		49ABA0981A81301300622F4E /* AppDelegate.m */ = {isa = PBXFileReference; lastKnownFileType = sourcecode.c.objc; path = AppDelegate.m; sourceTree = "<group>"; };
		49ABA09B1A81301300622F4E /* Delegados.xcdatamodel */ = {isa = PBXFileReference; lastKnownFileType = wrapper.xcdatamodel; path = Delegados.xcdatamodel; sourceTree = "<group>"; };
		49ABA09D1A81301300622F4E /* ViewController.h */ = {isa = PBXFileReference; lastKnownFileType = sourcecode.c.h; path = ViewController.h; sourceTree = "<group>"; };
		49ABA09E1A81301300622F4E /* ViewController.m */ = {isa = PBXFileReference; lastKnownFileType = sourcecode.c.objc; path = ViewController.m; sourceTree = "<group>"; };
		49ABA0A11A81301300622F4E /* Base */ = {isa = PBXFileReference; lastKnownFileType = file.storyboard; name = Base; path = Base.lproj/Main.storyboard; sourceTree = "<group>"; };
		49ABA0A31A81301300622F4E /* Images.xcassets */ = {isa = PBXFileReference; lastKnownFileType = folder.assetcatalog; path = Images.xcassets; sourceTree = "<group>"; };
		49ABA0A61A81301300622F4E /* Base */ = {isa = PBXFileReference; lastKnownFileType = file.xib; name = Base; path = Base.lproj/LaunchScreen.xib; sourceTree = "<group>"; };
		49ABA0AC1A81301300622F4E /* DelegadosTests.xctest */ = {isa = PBXFileReference; explicitFileType = wrapper.cfbundle; includeInIndex = 0; path = DelegadosTests.xctest; sourceTree = BUILT_PRODUCTS_DIR; };
		49ABA0B11A81301300622F4E /* Info.plist */ = {isa = PBXFileReference; lastKnownFileType = text.plist.xml; path = Info.plist; sourceTree = "<group>"; };
		49ABA0B21A81301300622F4E /* DelegadosTests.m */ = {isa = PBXFileReference; lastKnownFileType = sourcecode.c.objc; path = DelegadosTests.m; sourceTree = "<group>"; };
/* End PBXFileReference section */

/* Begin PBXFrameworksBuildPhase section */
		49ABA08D1A81301300622F4E /* Frameworks */ = {
			isa = PBXFrameworksBuildPhase;
			buildActionMask = 2147483647;
			files = (
			);
			runOnlyForDeploymentPostprocessing = 0;
		};
		49ABA0A91A81301300622F4E /* Frameworks */ = {
			isa = PBXFrameworksBuildPhase;
			buildActionMask = 2147483647;
			files = (
			);
			runOnlyForDeploymentPostprocessing = 0;
		};
/* End PBXFrameworksBuildPhase section */

/* Begin PBXGroup section */
		49ABA0871A81301300622F4E = {
			isa = PBXGroup;
			children = (
				49ABA0921A81301300622F4E /* Delegados */,
				49ABA0AF1A81301300622F4E /* DelegadosTests */,
				49ABA0911A81301300622F4E /* Products */,
			);
			sourceTree = "<group>";
		};
		49ABA0911A81301300622F4E /* Products */ = {
			isa = PBXGroup;
			children = (
				49ABA0901A81301300622F4E /* Delegados.app */,
				49ABA0AC1A81301300622F4E /* DelegadosTests.xctest */,
			);
			name = Products;
			sourceTree = "<group>";
		};
		49ABA0921A81301300622F4E /* Delegados */ = {
			isa = PBXGroup;
			children = (
				49ABA0971A81301300622F4E /* AppDelegate.h */,
				49ABA0981A81301300622F4E /* AppDelegate.m */,
				49ABA09D1A81301300622F4E /* ViewController.h */,
				49ABA09E1A81301300622F4E /* ViewController.m */,
				49ABA0A01A81301300622F4E /* Main.storyboard */,
				49ABA0A31A81301300622F4E /* Images.xcassets */,
				49ABA0A51A81301300622F4E /* LaunchScreen.xib */,
				49ABA09A1A81301300622F4E /* Delegados.xcdatamodeld */,
				49ABA0931A81301300622F4E /* Supporting Files */,
			);
			path = Delegados;
			sourceTree = "<group>";
		};
		49ABA0931A81301300622F4E /* Supporting Files */ = {
			isa = PBXGroup;
			children = (
				49ABA0941A81301300622F4E /* Info.plist */,
				49ABA0951A81301300622F4E /* main.m */,
			);
			name = "Supporting Files";
			sourceTree = "<group>";
		};
		49ABA0AF1A81301300622F4E /* DelegadosTests */ = {
			isa = PBXGroup;
			children = (
				49ABA0B21A81301300622F4E /* DelegadosTests.m */,
				49ABA0B01A81301300622F4E /* Supporting Files */,
			);
			path = DelegadosTests;
			sourceTree = "<group>";
		};
		49ABA0B01A81301300622F4E /* Supporting Files */ = {
			isa = PBXGroup;
			children = (
				49ABA0B11A81301300622F4E /* Info.plist */,
			);
			name = "Supporting Files";
			sourceTree = "<group>";
		};
/* End PBXGroup section */

/* Begin PBXNativeTarget section */
		49ABA08F1A81301300622F4E /* Delegados */ = {
			isa = PBXNativeTarget;
			buildConfigurationList = 49ABA0B61A81301300622F4E /* Build configuration list for PBXNativeTarget "Delegados" */;
			buildPhases = (
				49ABA08C1A81301300622F4E /* Sources */,
				49ABA08D1A81301300622F4E /* Frameworks */,
				49ABA08E1A81301300622F4E /* Resources */,
			);
			buildRules = (
			);
			dependencies = (
			);
			name = Delegados;
			productName = Delegados;
			productReference = 49ABA0901A81301300622F4E /* Delegados.app */;
			productType = "com.apple.product-type.application";
		};
		49ABA0AB1A81301300622F4E /* DelegadosTests */ = {
			isa = PBXNativeTarget;
			buildConfigurationList = 49ABA0B91A81301300622F4E /* Build configuration list for PBXNativeTarget "DelegadosTests" */;
			buildPhases = (
				49ABA0A81A81301300622F4E /* Sources */,
				49ABA0A91A81301300622F4E /* Frameworks */,
				49ABA0AA1A81301300622F4E /* Resources */,
			);
			buildRules = (
			);
			dependencies = (
				49ABA0AE1A81301300622F4E /* PBXTargetDependency */,
			);
			name = DelegadosTests;
			productName = DelegadosTests;
			productReference = 49ABA0AC1A81301300622F4E /* DelegadosTests.xctest */;
			productType = "com.apple.product-type.bundle.unit-test";
		};
/* End PBXNativeTarget section */

/* Begin PBXProject section */
		49ABA0881A81301300622F4E /* Project object */ = {
			isa = PBXProject;
			attributes = {
				LastUpgradeCheck = 0610;
				ORGANIZATIONNAME = "miguel castro";
				TargetAttributes = {
					49ABA08F1A81301300622F4E = {
						CreatedOnToolsVersion = 6.1.1;
					};
					49ABA0AB1A81301300622F4E = {
						CreatedOnToolsVersion = 6.1.1;
						TestTargetID = 49ABA08F1A81301300622F4E;
					};
				};
			};
			buildConfigurationList = 49ABA08B1A81301300622F4E /* Build configuration list for PBXProject "Delegados" */;
			compatibilityVersion = "Xcode 3.2";
			developmentRegion = English;
			hasScannedForEncodings = 0;
			knownRegions = (
				en,
				Base,
			);
			mainGroup = 49ABA0871A81301300622F4E;
			productRefGroup = 49ABA0911A81301300622F4E /* Products */;
			projectDirPath = "";
			projectRoot = "";
			targets = (
				49ABA08F1A81301300622F4E /* Delegados */,
				49ABA0AB1A81301300622F4E /* DelegadosTests */,
			);
		};
/* End PBXProject section */

/* Begin PBXResourcesBuildPhase section */
		49ABA08E1A81301300622F4E /* Resources */ = {
			isa = PBXResourcesBuildPhase;
			buildActionMask = 2147483647;
			files = (
				49ABA0A21A81301300622F4E /* Main.storyboard in Resources */,
				49ABA0A71A81301300622F4E /* LaunchScreen.xib in Resources */,
				49ABA0A41A81301300622F4E /* Images.xcassets in Resources */,
			);
			runOnlyForDeploymentPostprocessing = 0;
		};
		49ABA0AA1A81301300622F4E /* Resources */ = {
			isa = PBXResourcesBuildPhase;
			buildActionMask = 2147483647;
			files = (
			);
			runOnlyForDeploymentPostprocessing = 0;
		};
/* End PBXResourcesBuildPhase section */

/* Begin PBXSourcesBuildPhase section */
		49ABA08C1A81301300622F4E /* Sources */ = {
			isa = PBXSourcesBuildPhase;
			buildActionMask = 2147483647;
			files = (
				49ABA0991A81301300622F4E /* AppDelegate.m in Sources */,
				49ABA09C1A81301300622F4E /* Delegados.xcdatamodeld in Sources */,
				49ABA09F1A81301300622F4E /* ViewController.m in Sources */,
				49ABA0961A81301300622F4E /* main.m in Sources */,
			);
			runOnlyForDeploymentPostprocessing = 0;
		};
		49ABA0A81A81301300622F4E /* Sources */ = {
			isa = PBXSourcesBuildPhase;
			buildActionMask = 2147483647;
			files = (
				49ABA0B31A81301300622F4E /* DelegadosTests.m in Sources */,
			);
			runOnlyForDeploymentPostprocessing = 0;
		};
/* End PBXSourcesBuildPhase section */

/* Begin PBXTargetDependency section */
		49ABA0AE1A81301300622F4E /* PBXTargetDependency */ = {
			isa = PBXTargetDependency;
			target = 49ABA08F1A81301300622F4E /* Delegados */;
			targetProxy = 49ABA0AD1A81301300622F4E /* PBXContainerItemProxy */;
		};
/* End PBXTargetDependency section */

/* Begin PBXVariantGroup section */
		49ABA0A01A81301300622F4E /* Main.storyboard */ = {
			isa = PBXVariantGroup;
			children = (
				49ABA0A11A81301300622F4E /* Base */,
			);
			name = Main.storyboard;
			sourceTree = "<group>";
		};
		49ABA0A51A81301300622F4E /* LaunchScreen.xib */ = {
			isa = PBXVariantGroup;
			children = (
				49ABA0A61A81301300622F4E /* Base */,
			);
			name = LaunchScreen.xib;
			sourceTree = "<group>";
		};
/* End PBXVariantGroup section */

/* Begin XCBuildConfiguration section */
		49ABA0B41A81301300622F4E /* Debug */ = {
			isa = XCBuildConfiguration;
			buildSettings = {
				ALWAYS_SEARCH_USER_PATHS = NO;
				CLANG_CXX_LANGUAGE_STANDARD = "gnu++0x";
				CLANG_CXX_LIBRARY = "libc++";
				CLANG_ENABLE_MODULES = YES;
				CLANG_ENABLE_OBJC_ARC = YES;
				CLANG_WARN_BOOL_CONVERSION = YES;
				CLANG_WARN_CONSTANT_CONVERSION = YES;
				CLANG_WARN_DIRECT_OBJC_ISA_USAGE = YES_ERROR;
				CLANG_WARN_EMPTY_BODY = YES;
				CLANG_WARN_ENUM_CONVERSION = YES;
				CLANG_WARN_INT_CONVERSION = YES;
				CLANG_WARN_OBJC_ROOT_CLASS = YES_ERROR;
				CLANG_WARN_UNREACHABLE_CODE = YES;
				CLANG_WARN__DUPLICATE_METHOD_MATCH = YES;
				"CODE_SIGN_IDENTITY[sdk=iphoneos*]" = "iPhone Developer";
				COPY_PHASE_STRIP = NO;
				ENABLE_STRICT_OBJC_MSGSEND = YES;
				GCC_C_LANGUAGE_STANDARD = gnu99;
				GCC_DYNAMIC_NO_PIC = NO;
				GCC_OPTIMIZATION_LEVEL = 0;
				GCC_PREPROCESSOR_DEFINITIONS = (
					"DEBUG=1",
					"$(inherited)",
				);
				GCC_SYMBOLS_PRIVATE_EXTERN = NO;
				GCC_WARN_64_TO_32_BIT_CONVERSION = YES;
				GCC_WARN_ABOUT_RETURN_TYPE = YES_ERROR;
				GCC_WARN_UNDECLARED_SELECTOR = YES;
				GCC_WARN_UNINITIALIZED_AUTOS = YES_AGGRESSIVE;
				GCC_WARN_UNUSED_FUNCTION = YES;
				GCC_WARN_UNUSED_VARIABLE = YES;
				IPHONEOS_DEPLOYMENT_TARGET = 8.1;
				MTL_ENABLE_DEBUG_INFO = YES;
				ONLY_ACTIVE_ARCH = YES;
				SDKROOT = iphoneos;
			};
			name = Debug;
		};
		49ABA0B51A81301300622F4E /* Release */ = {
			isa = XCBuildConfiguration;
			buildSettings = {
				ALWAYS_SEARCH_USER_PATHS = NO;
				CLANG_CXX_LANGUAGE_STANDARD = "gnu++0x";
				CLANG_CXX_LIBRARY = "libc++";
				CLANG_ENABLE_MODULES = YES;
				CLANG_ENABLE_OBJC_ARC = YES;
				CLANG_WARN_BOOL_CONVERSION = YES;
				CLANG_WARN_CONSTANT_CONVERSION = YES;
				CLANG_WARN_DIRECT_OBJC_ISA_USAGE = YES_ERROR;
				CLANG_WARN_EMPTY_BODY = YES;
				CLANG_WARN_ENUM_CONVERSION = YES;
				CLANG_WARN_INT_CONVERSION = YES;
				CLANG_WARN_OBJC_ROOT_CLASS = YES_ERROR;
				CLANG_WARN_UNREACHABLE_CODE = YES;
				CLANG_WARN__DUPLICATE_METHOD_MATCH = YES;
				"CODE_SIGN_IDENTITY[sdk=iphoneos*]" = "iPhone Developer";
				COPY_PHASE_STRIP = YES;
				ENABLE_NS_ASSERTIONS = NO;
				ENABLE_STRICT_OBJC_MSGSEND = YES;
				GCC_C_LANGUAGE_STANDARD = gnu99;
				GCC_WARN_64_TO_32_BIT_CONVERSION = YES;
				GCC_WARN_ABOUT_RETURN_TYPE = YES_ERROR;
				GCC_WARN_UNDECLARED_SELECTOR = YES;
				GCC_WARN_UNINITIALIZED_AUTOS = YES_AGGRESSIVE;
				GCC_WARN_UNUSED_FUNCTION = YES;
				GCC_WARN_UNUSED_VARIABLE = YES;
				IPHONEOS_DEPLOYMENT_TARGET = 8.1;
				MTL_ENABLE_DEBUG_INFO = NO;
				SDKROOT = iphoneos;
				VALIDATE_PRODUCT = YES;
			};
			name = Release;
		};
		49ABA0B71A81301300622F4E /* Debug */ = {
			isa = XCBuildConfiguration;
			buildSettings = {
				ASSETCATALOG_COMPILER_APPICON_NAME = AppIcon;
				INFOPLIST_FILE = Delegados/Info.plist;
				LD_RUNPATH_SEARCH_PATHS = "$(inherited) @executable_path/Frameworks";
				PRODUCT_NAME = "$(TARGET_NAME)";
			};
			name = Debug;
		};
		49ABA0B81A81301300622F4E /* Release */ = {
			isa = XCBuildConfiguration;
			buildSettings = {
				ASSETCATALOG_COMPILER_APPICON_NAME = AppIcon;
				INFOPLIST_FILE = Delegados/Info.plist;
				LD_RUNPATH_SEARCH_PATHS = "$(inherited) @executable_path/Frameworks";
				PRODUCT_NAME = "$(TARGET_NAME)";
			};
			name = Release;
		};
		49ABA0BA1A81301300622F4E /* Debug */ = {
			isa = XCBuildConfiguration;
			buildSettings = {
				BUNDLE_LOADER = "$(TEST_HOST)";
				FRAMEWORK_SEARCH_PATHS = (
					"$(SDKROOT)/Developer/Library/Frameworks",
					"$(inherited)",
				);
				GCC_PREPROCESSOR_DEFINITIONS = (
					"DEBUG=1",
					"$(inherited)",
				);
				INFOPLIST_FILE = DelegadosTests/Info.plist;
				LD_RUNPATH_SEARCH_PATHS = "$(inherited) @executable_path/Frameworks @loader_path/Frameworks";
				PRODUCT_NAME = "$(TARGET_NAME)";
				TEST_HOST = "$(BUILT_PRODUCTS_DIR)/Delegados.app/Delegados";
			};
			name = Debug;
		};
		49ABA0BB1A81301300622F4E /* Release */ = {
			isa = XCBuildConfiguration;
			buildSettings = {
				BUNDLE_LOADER = "$(TEST_HOST)";
				FRAMEWORK_SEARCH_PATHS = (
					"$(SDKROOT)/Developer/Library/Frameworks",
					"$(inherited)",
				);
				INFOPLIST_FILE = DelegadosTests/Info.plist;
				LD_RUNPATH_SEARCH_PATHS = "$(inherited) @executable_path/Frameworks @loader_path/Frameworks";
				PRODUCT_NAME = "$(TARGET_NAME)";
				TEST_HOST = "$(BUILT_PRODUCTS_DIR)/Delegados.app/Delegados";
			};
			name = Release;
		};
/* End XCBuildConfiguration section */

/* Begin XCConfigurationList section */
		49ABA08B1A81301300622F4E /* Build configuration list for PBXProject "Delegados" */ = {
			isa = XCConfigurationList;
			buildConfigurations = (
				49ABA0B41A81301300622F4E /* Debug */,
				49ABA0B51A81301300622F4E /* Release */,
			);
			defaultConfigurationIsVisible = 0;
			defaultConfigurationName = Release;
		};
		49ABA0B61A81301300622F4E /* Build configuration list for PBXNativeTarget "Delegados" */ = {
			isa = XCConfigurationList;
			buildConfigurations = (
				49ABA0B71A81301300622F4E /* Debug */,
				49ABA0B81A81301300622F4E /* Release */,
			);
			defaultConfigurationIsVisible = 0;
		};
		49ABA0B91A81301300622F4E /* Build configuration list for PBXNativeTarget "DelegadosTests" */ = {
			isa = XCConfigurationList;
			buildConfigurations = (
				49ABA0BA1A81301300622F4E /* Debug */,
				49ABA0BB1A81301300622F4E /* Release */,
			);
			defaultConfigurationIsVisible = 0;
		};
/* End XCConfigurationList section */

/* Begin XCVersionGroup section */
		49ABA09A1A81301300622F4E /* Delegados.xcdatamodeld */ = {
			isa = XCVersionGroup;
			children = (
				49ABA09B1A81301300622F4E /* Delegados.xcdatamodel */,
			);
			currentVersion = 49ABA09B1A81301300622F4E /* Delegados.xcdatamodel */;
			path = Delegados.xcdatamodeld;
			sourceTree = "<group>";
			versionGroupType = wrapper.xcdatamodel;
		};
/* End XCVersionGroup section */
	};
	rootObject = 49ABA0881A81301300622F4E /* Project object */;
}
