// !$*UTF8*$!
{
	archiveVersion = 1;
	classes = {
	};
	objectVersion = 46;
	objects = {

/* Begin PBXBuildFile section */
		49CA5DFF1B9E817D0013CE5A /* main.m in Sources */ = {isa = PBXBuildFile; fileRef = 49CA5DFE1B9E817D0013CE5A /* main.m */; };
		49CA5E021B9E817D0013CE5A /* AppDelegate.m in Sources */ = {isa = PBXBuildFile; fileRef = 49CA5E011B9E817D0013CE5A /* AppDelegate.m */; };
		49CA5E041B9E817D0013CE5A /* Images.xcassets in Resources */ = {isa = PBXBuildFile; fileRef = 49CA5E031B9E817D0013CE5A /* Images.xcassets */; };
		49CA5E071B9E817D0013CE5A /* LaunchScreen.xib in Resources */ = {isa = PBXBuildFile; fileRef = 49CA5E051B9E817D0013CE5A /* LaunchScreen.xib */; };
		49CA5E131B9E817D0013CE5A /* HolaMundoTests.m in Sources */ = {isa = PBXBuildFile; fileRef = 49CA5E121B9E817D0013CE5A /* HolaMundoTests.m */; };
/* End PBXBuildFile section */

/* Begin PBXContainerItemProxy section */
		49CA5E0D1B9E817D0013CE5A /* PBXContainerItemProxy */ = {
			isa = PBXContainerItemProxy;
			containerPortal = 49CA5DF11B9E817D0013CE5A /* Project object */;
			proxyType = 1;
			remoteGlobalIDString = 49CA5DF81B9E817D0013CE5A;
			remoteInfo = HolaMundo;
		};
/* End PBXContainerItemProxy section */

/* Begin PBXFileReference section */
		49CA5DF91B9E817D0013CE5A /* HolaMundo.app */ = {isa = PBXFileReference; explicitFileType = wrapper.application; includeInIndex = 0; path = HolaMundo.app; sourceTree = BUILT_PRODUCTS_DIR; };
		49CA5DFD1B9E817D0013CE5A /* Info.plist */ = {isa = PBXFileReference; lastKnownFileType = text.plist.xml; path = Info.plist; sourceTree = "<group>"; };
		49CA5DFE1B9E817D0013CE5A /* main.m */ = {isa = PBXFileReference; lastKnownFileType = sourcecode.c.objc; path = main.m; sourceTree = "<group>"; };
		49CA5E001B9E817D0013CE5A /* AppDelegate.h */ = {isa = PBXFileReference; lastKnownFileType = sourcecode.c.h; path = AppDelegate.h; sourceTree = "<group>"; };
		49CA5E011B9E817D0013CE5A /* AppDelegate.m */ = {isa = PBXFileReference; lastKnownFileType = sourcecode.c.objc; path = AppDelegate.m; sourceTree = "<group>"; };
		49CA5E031B9E817D0013CE5A /* Images.xcassets */ = {isa = PBXFileReference; lastKnownFileType = folder.assetcatalog; path = Images.xcassets; sourceTree = "<group>"; };
		49CA5E061B9E817D0013CE5A /* Base */ = {isa = PBXFileReference; lastKnownFileType = file.xib; name = Base; path = Base.lproj/LaunchScreen.xib; sourceTree = "<group>"; };
		49CA5E0C1B9E817D0013CE5A /* HolaMundoTests.xctest */ = {isa = PBXFileReference; explicitFileType = wrapper.cfbundle; includeInIndex = 0; path = HolaMundoTests.xctest; sourceTree = BUILT_PRODUCTS_DIR; };
		49CA5E111B9E817D0013CE5A /* Info.plist */ = {isa = PBXFileReference; lastKnownFileType = text.plist.xml; path = Info.plist; sourceTree = "<group>"; };
		49CA5E121B9E817D0013CE5A /* HolaMundoTests.m */ = {isa = PBXFileReference; lastKnownFileType = sourcecode.c.objc; path = HolaMundoTests.m; sourceTree = "<group>"; };
/* End PBXFileReference section */

/* Begin PBXFrameworksBuildPhase section */
		49CA5DF61B9E817D0013CE5A /* Frameworks */ = {
			isa = PBXFrameworksBuildPhase;
			buildActionMask = 2147483647;
			files = (
			);
			runOnlyForDeploymentPostprocessing = 0;
		};
		49CA5E091B9E817D0013CE5A /* Frameworks */ = {
			isa = PBXFrameworksBuildPhase;
			buildActionMask = 2147483647;
			files = (
			);
			runOnlyForDeploymentPostprocessing = 0;
		};
/* End PBXFrameworksBuildPhase section */

/* Begin PBXGroup section */
		49CA5DF01B9E817D0013CE5A = {
			isa = PBXGroup;
			children = (
				49CA5DFB1B9E817D0013CE5A /* HolaMundo */,
				49CA5E0F1B9E817D0013CE5A /* HolaMundoTests */,
				49CA5DFA1B9E817D0013CE5A /* Products */,
			);
			sourceTree = "<group>";
		};
		49CA5DFA1B9E817D0013CE5A /* Products */ = {
			isa = PBXGroup;
			children = (
				49CA5DF91B9E817D0013CE5A /* HolaMundo.app */,
				49CA5E0C1B9E817D0013CE5A /* HolaMundoTests.xctest */,
			);
			name = Products;
			sourceTree = "<group>";
		};
		49CA5DFB1B9E817D0013CE5A /* HolaMundo */ = {
			isa = PBXGroup;
			children = (
				49CA5E001B9E817D0013CE5A /* AppDelegate.h */,
				49CA5E011B9E817D0013CE5A /* AppDelegate.m */,
				49CA5E031B9E817D0013CE5A /* Images.xcassets */,
				49CA5E051B9E817D0013CE5A /* LaunchScreen.xib */,
				49CA5DFC1B9E817D0013CE5A /* Supporting Files */,
			);
			path = HolaMundo;
			sourceTree = "<group>";
		};
		49CA5DFC1B9E817D0013CE5A /* Supporting Files */ = {
			isa = PBXGroup;
			children = (
				49CA5DFD1B9E817D0013CE5A /* Info.plist */,
				49CA5DFE1B9E817D0013CE5A /* main.m */,
			);
			name = "Supporting Files";
			sourceTree = "<group>";
		};
		49CA5E0F1B9E817D0013CE5A /* HolaMundoTests */ = {
			isa = PBXGroup;
			children = (
				49CA5E121B9E817D0013CE5A /* HolaMundoTests.m */,
				49CA5E101B9E817D0013CE5A /* Supporting Files */,
			);
			path = HolaMundoTests;
			sourceTree = "<group>";
		};
		49CA5E101B9E817D0013CE5A /* Supporting Files */ = {
			isa = PBXGroup;
			children = (
				49CA5E111B9E817D0013CE5A /* Info.plist */,
			);
			name = "Supporting Files";
			sourceTree = "<group>";
		};
/* End PBXGroup section */

/* Begin PBXNativeTarget section */
		49CA5DF81B9E817D0013CE5A /* HolaMundo */ = {
			isa = PBXNativeTarget;
			buildConfigurationList = 49CA5E161B9E817D0013CE5A /* Build configuration list for PBXNativeTarget "HolaMundo" */;
			buildPhases = (
				49CA5DF51B9E817D0013CE5A /* Sources */,
				49CA5DF61B9E817D0013CE5A /* Frameworks */,
				49CA5DF71B9E817D0013CE5A /* Resources */,
			);
			buildRules = (
			);
			dependencies = (
			);
			name = HolaMundo;
			productName = HolaMundo;
			productReference = 49CA5DF91B9E817D0013CE5A /* HolaMundo.app */;
			productType = "com.apple.product-type.application";
		};
		49CA5E0B1B9E817D0013CE5A /* HolaMundoTests */ = {
			isa = PBXNativeTarget;
			buildConfigurationList = 49CA5E191B9E817D0013CE5A /* Build configuration list for PBXNativeTarget "HolaMundoTests" */;
			buildPhases = (
				49CA5E081B9E817D0013CE5A /* Sources */,
				49CA5E091B9E817D0013CE5A /* Frameworks */,
				49CA5E0A1B9E817D0013CE5A /* Resources */,
			);
			buildRules = (
			);
			dependencies = (
				49CA5E0E1B9E817D0013CE5A /* PBXTargetDependency */,
			);
			name = HolaMundoTests;
			productName = HolaMundoTests;
			productReference = 49CA5E0C1B9E817D0013CE5A /* HolaMundoTests.xctest */;
			productType = "com.apple.product-type.bundle.unit-test";
		};
/* End PBXNativeTarget section */

/* Begin PBXProject section */
		49CA5DF11B9E817D0013CE5A /* Project object */ = {
			isa = PBXProject;
			attributes = {
				LastUpgradeCheck = 0630;
				ORGANIZATIONNAME = "miguel castro";
				TargetAttributes = {
					49CA5DF81B9E817D0013CE5A = {
						CreatedOnToolsVersion = 6.3.2;
					};
					49CA5E0B1B9E817D0013CE5A = {
						CreatedOnToolsVersion = 6.3.2;
						TestTargetID = 49CA5DF81B9E817D0013CE5A;
					};
				};
			};
			buildConfigurationList = 49CA5DF41B9E817D0013CE5A /* Build configuration list for PBXProject "HolaMundo" */;
			compatibilityVersion = "Xcode 3.2";
			developmentRegion = English;
			hasScannedForEncodings = 0;
			knownRegions = (
				en,
				Base,
			);
			mainGroup = 49CA5DF01B9E817D0013CE5A;
			productRefGroup = 49CA5DFA1B9E817D0013CE5A /* Products */;
			projectDirPath = "";
			projectRoot = "";
			targets = (
				49CA5DF81B9E817D0013CE5A /* HolaMundo */,
				49CA5E0B1B9E817D0013CE5A /* HolaMundoTests */,
			);
		};
/* End PBXProject section */

/* Begin PBXResourcesBuildPhase section */
		49CA5DF71B9E817D0013CE5A /* Resources */ = {
			isa = PBXResourcesBuildPhase;
			buildActionMask = 2147483647;
			files = (
				49CA5E071B9E817D0013CE5A /* LaunchScreen.xib in Resources */,
				49CA5E041B9E817D0013CE5A /* Images.xcassets in Resources */,
			);
			runOnlyForDeploymentPostprocessing = 0;
		};
		49CA5E0A1B9E817D0013CE5A /* Resources */ = {
			isa = PBXResourcesBuildPhase;
			buildActionMask = 2147483647;
			files = (
			);
			runOnlyForDeploymentPostprocessing = 0;
		};
/* End PBXResourcesBuildPhase section */

/* Begin PBXSourcesBuildPhase section */
		49CA5DF51B9E817D0013CE5A /* Sources */ = {
			isa = PBXSourcesBuildPhase;
			buildActionMask = 2147483647;
			files = (
				49CA5E021B9E817D0013CE5A /* AppDelegate.m in Sources */,
				49CA5DFF1B9E817D0013CE5A /* main.m in Sources */,
			);
			runOnlyForDeploymentPostprocessing = 0;
		};
		49CA5E081B9E817D0013CE5A /* Sources */ = {
			isa = PBXSourcesBuildPhase;
			buildActionMask = 2147483647;
			files = (
				49CA5E131B9E817D0013CE5A /* HolaMundoTests.m in Sources */,
			);
			runOnlyForDeploymentPostprocessing = 0;
		};
/* End PBXSourcesBuildPhase section */

/* Begin PBXTargetDependency section */
		49CA5E0E1B9E817D0013CE5A /* PBXTargetDependency */ = {
			isa = PBXTargetDependency;
			target = 49CA5DF81B9E817D0013CE5A /* HolaMundo */;
			targetProxy = 49CA5E0D1B9E817D0013CE5A /* PBXContainerItemProxy */;
		};
/* End PBXTargetDependency section */

/* Begin PBXVariantGroup section */
		49CA5E051B9E817D0013CE5A /* LaunchScreen.xib */ = {
			isa = PBXVariantGroup;
			children = (
				49CA5E061B9E817D0013CE5A /* Base */,
			);
			name = LaunchScreen.xib;
			sourceTree = "<group>";
		};
/* End PBXVariantGroup section */

/* Begin XCBuildConfiguration section */
		49CA5E141B9E817D0013CE5A /* Debug */ = {
			isa = XCBuildConfiguration;
			buildSettings = {
				ALWAYS_SEARCH_USER_PATHS = NO;
				CLANG_CXX_LANGUAGE_STANDARD = "gnu++0x";
				CLANG_CXX_LIBRARY = "libc++";
				CLANG_ENABLE_MODULES = YES;
				CLANG_ENABLE_OBJC_ARC = YES;
				CLANG_WARN_BOOL_CONVERSION = YES;
				CLANG_WARN_CONSTANT_CONVERSION = YES;
				CLANG_WARN_DIRECT_OBJC_ISA_USAGE = YES_ERROR;
				CLANG_WARN_EMPTY_BODY = YES;
				CLANG_WARN_ENUM_CONVERSION = YES;
				CLANG_WARN_INT_CONVERSION = YES;
				CLANG_WARN_OBJC_ROOT_CLASS = YES_ERROR;
				CLANG_WARN_UNREACHABLE_CODE = YES;
				CLANG_WARN__DUPLICATE_METHOD_MATCH = YES;
				"CODE_SIGN_IDENTITY[sdk=iphoneos*]" = "iPhone Developer";
				COPY_PHASE_STRIP = NO;
				DEBUG_INFORMATION_FORMAT = "dwarf-with-dsym";
				ENABLE_STRICT_OBJC_MSGSEND = YES;
				GCC_C_LANGUAGE_STANDARD = gnu99;
				GCC_DYNAMIC_NO_PIC = NO;
				GCC_NO_COMMON_BLOCKS = YES;
				GCC_OPTIMIZATION_LEVEL = 0;
				GCC_PREPROCESSOR_DEFINITIONS = (
					"DEBUG=1",
					"$(inherited)",
				);
				GCC_SYMBOLS_PRIVATE_EXTERN = NO;
				GCC_WARN_64_TO_32_BIT_CONVERSION = YES;
				GCC_WARN_ABOUT_RETURN_TYPE = YES_ERROR;
				GCC_WARN_UNDECLARED_SELECTOR = YES;
				GCC_WARN_UNINITIALIZED_AUTOS = YES_AGGRESSIVE;
				GCC_WARN_UNUSED_FUNCTION = YES;
				GCC_WARN_UNUSED_VARIABLE = YES;
				IPHONEOS_DEPLOYMENT_TARGET = 8.3;
				MTL_ENABLE_DEBUG_INFO = YES;
				ONLY_ACTIVE_ARCH = YES;
				SDKROOT = iphoneos;
			};
			name = Debug;
		};
		49CA5E151B9E817D0013CE5A /* Release */ = {
			isa = XCBuildConfiguration;
			buildSettings = {
				ALWAYS_SEARCH_USER_PATHS = NO;
				CLANG_CXX_LANGUAGE_STANDARD = "gnu++0x";
				CLANG_CXX_LIBRARY = "libc++";
				CLANG_ENABLE_MODULES = YES;
				CLANG_ENABLE_OBJC_ARC = YES;
				CLANG_WARN_BOOL_CONVERSION = YES;
				CLANG_WARN_CONSTANT_CONVERSION = YES;
				CLANG_WARN_DIRECT_OBJC_ISA_USAGE = YES_ERROR;
				CLANG_WARN_EMPTY_BODY = YES;
				CLANG_WARN_ENUM_CONVERSION = YES;
				CLANG_WARN_INT_CONVERSION = YES;
				CLANG_WARN_OBJC_ROOT_CLASS = YES_ERROR;
				CLANG_WARN_UNREACHABLE_CODE = YES;
				CLANG_WARN__DUPLICATE_METHOD_MATCH = YES;
				"CODE_SIGN_IDENTITY[sdk=iphoneos*]" = "iPhone Developer";
				COPY_PHASE_STRIP = NO;
				DEBUG_INFORMATION_FORMAT = "dwarf-with-dsym";
				ENABLE_NS_ASSERTIONS = NO;
				ENABLE_STRICT_OBJC_MSGSEND = YES;
				GCC_C_LANGUAGE_STANDARD = gnu99;
				GCC_NO_COMMON_BLOCKS = YES;
				GCC_WARN_64_TO_32_BIT_CONVERSION = YES;
				GCC_WARN_ABOUT_RETURN_TYPE = YES_ERROR;
				GCC_WARN_UNDECLARED_SELECTOR = YES;
				GCC_WARN_UNINITIALIZED_AUTOS = YES_AGGRESSIVE;
				GCC_WARN_UNUSED_FUNCTION = YES;
				GCC_WARN_UNUSED_VARIABLE = YES;
				IPHONEOS_DEPLOYMENT_TARGET = 8.3;
				MTL_ENABLE_DEBUG_INFO = NO;
				SDKROOT = iphoneos;
				VALIDATE_PRODUCT = YES;
			};
			name = Release;
		};
		49CA5E171B9E817D0013CE5A /* Debug */ = {
			isa = XCBuildConfiguration;
			buildSettings = {
				ASSETCATALOG_COMPILER_APPICON_NAME = AppIcon;
				INFOPLIST_FILE = HolaMundo/Info.plist;
				LD_RUNPATH_SEARCH_PATHS = "$(inherited) @executable_path/Frameworks";
				PRODUCT_NAME = "$(TARGET_NAME)";
			};
			name = Debug;
		};
		49CA5E181B9E817D0013CE5A /* Release */ = {
			isa = XCBuildConfiguration;
			buildSettings = {
				ASSETCATALOG_COMPILER_APPICON_NAME = AppIcon;
				INFOPLIST_FILE = HolaMundo/Info.plist;
				LD_RUNPATH_SEARCH_PATHS = "$(inherited) @executable_path/Frameworks";
				PRODUCT_NAME = "$(TARGET_NAME)";
			};
			name = Release;
		};
		49CA5E1A1B9E817D0013CE5A /* Debug */ = {
			isa = XCBuildConfiguration;
			buildSettings = {
				BUNDLE_LOADER = "$(TEST_HOST)";
				FRAMEWORK_SEARCH_PATHS = (
					"$(SDKROOT)/Developer/Library/Frameworks",
					"$(inherited)",
				);
				GCC_PREPROCESSOR_DEFINITIONS = (
					"DEBUG=1",
					"$(inherited)",
				);
				INFOPLIST_FILE = HolaMundoTests/Info.plist;
				LD_RUNPATH_SEARCH_PATHS = "$(inherited) @executable_path/Frameworks @loader_path/Frameworks";
				PRODUCT_NAME = "$(TARGET_NAME)";
				TEST_HOST = "$(BUILT_PRODUCTS_DIR)/HolaMundo.app/HolaMundo";
			};
			name = Debug;
		};
		49CA5E1B1B9E817D0013CE5A /* Release */ = {
			isa = XCBuildConfiguration;
			buildSettings = {
				BUNDLE_LOADER = "$(TEST_HOST)";
				FRAMEWORK_SEARCH_PATHS = (
					"$(SDKROOT)/Developer/Library/Frameworks",
					"$(inherited)",
				);
				INFOPLIST_FILE = HolaMundoTests/Info.plist;
				LD_RUNPATH_SEARCH_PATHS = "$(inherited) @executable_path/Frameworks @loader_path/Frameworks";
				PRODUCT_NAME = "$(TARGET_NAME)";
				TEST_HOST = "$(BUILT_PRODUCTS_DIR)/HolaMundo.app/HolaMundo";
			};
			name = Release;
		};
/* End XCBuildConfiguration section */

/* Begin XCConfigurationList section */
		49CA5DF41B9E817D0013CE5A /* Build configuration list for PBXProject "HolaMundo" */ = {
			isa = XCConfigurationList;
			buildConfigurations = (
				49CA5E141B9E817D0013CE5A /* Debug */,
				49CA5E151B9E817D0013CE5A /* Release */,
			);
			defaultConfigurationIsVisible = 0;
			defaultConfigurationName = Release;
		};
		49CA5E161B9E817D0013CE5A /* Build configuration list for PBXNativeTarget "HolaMundo" */ = {
			isa = XCConfigurationList;
			buildConfigurations = (
				49CA5E171B9E817D0013CE5A /* Debug */,
				49CA5E181B9E817D0013CE5A /* Release */,
			);
			defaultConfigurationIsVisible = 0;
		};
		49CA5E191B9E817D0013CE5A /* Build configuration list for PBXNativeTarget "HolaMundoTests" */ = {
			isa = XCConfigurationList;
			buildConfigurations = (
				49CA5E1A1B9E817D0013CE5A /* Debug */,
				49CA5E1B1B9E817D0013CE5A /* Release */,
			);
			defaultConfigurationIsVisible = 0;
		};
/* End XCConfigurationList section */
	};
	rootObject = 49CA5DF11B9E817D0013CE5A /* Project object */;
}
