// !$*UTF8*$!
{
	archiveVersion = 1;
	classes = {
	};
	objectVersion = 46;
	objects = {

/* Begin PBXBuildFile section */
		49BC17011A86C75D007ABE5D /* main.m in Sources */ = {isa = PBXBuildFile; fileRef = 49BC17001A86C75D007ABE5D /* main.m */; };
		49BC17041A86C75D007ABE5D /* AppDelegate.m in Sources */ = {isa = PBXBuildFile; fileRef = 49BC17031A86C75D007ABE5D /* AppDelegate.m */; };
		49BC17071A86C75D007ABE5D /* ViewController.m in Sources */ = {isa = PBXBuildFile; fileRef = 49BC17061A86C75D007ABE5D /* ViewController.m */; };
		49BC170A1A86C75D007ABE5D /* Main.storyboard in Resources */ = {isa = PBXBuildFile; fileRef = 49BC17081A86C75D007ABE5D /* Main.storyboard */; };
		49BC170C1A86C75D007ABE5D /* Images.xcassets in Resources */ = {isa = PBXBuildFile; fileRef = 49BC170B1A86C75D007ABE5D /* Images.xcassets */; };
		49BC170F1A86C75D007ABE5D /* LaunchScreen.xib in Resources */ = {isa = PBXBuildFile; fileRef = 49BC170D1A86C75D007ABE5D /* LaunchScreen.xib */; };
		49BC171B1A86C75E007ABE5D /* webserviceTests.m in Sources */ = {isa = PBXBuildFile; fileRef = 49BC171A1A86C75E007ABE5D /* webserviceTests.m */; };
/* End PBXBuildFile section */

/* Begin PBXContainerItemProxy section */
		49BC17151A86C75E007ABE5D /* PBXContainerItemProxy */ = {
			isa = PBXContainerItemProxy;
			containerPortal = 49BC16F31A86C75D007ABE5D /* Project object */;
			proxyType = 1;
			remoteGlobalIDString = 49BC16FA1A86C75D007ABE5D;
			remoteInfo = webservice;
		};
/* End PBXContainerItemProxy section */

/* Begin PBXFileReference section */
		49BC16FB1A86C75D007ABE5D /* webservice.app */ = {isa = PBXFileReference; explicitFileType = wrapper.application; includeInIndex = 0; path = webservice.app; sourceTree = BUILT_PRODUCTS_DIR; };
		49BC16FF1A86C75D007ABE5D /* Info.plist */ = {isa = PBXFileReference; lastKnownFileType = text.plist.xml; path = Info.plist; sourceTree = "<group>"; };
		49BC17001A86C75D007ABE5D /* main.m */ = {isa = PBXFileReference; lastKnownFileType = sourcecode.c.objc; path = main.m; sourceTree = "<group>"; };
		49BC17021A86C75D007ABE5D /* AppDelegate.h */ = {isa = PBXFileReference; lastKnownFileType = sourcecode.c.h; path = AppDelegate.h; sourceTree = "<group>"; };
		49BC17031A86C75D007ABE5D /* AppDelegate.m */ = {isa = PBXFileReference; lastKnownFileType = sourcecode.c.objc; path = AppDelegate.m; sourceTree = "<group>"; };
		49BC17051A86C75D007ABE5D /* ViewController.h */ = {isa = PBXFileReference; lastKnownFileType = sourcecode.c.h; path = ViewController.h; sourceTree = "<group>"; };
		49BC17061A86C75D007ABE5D /* ViewController.m */ = {isa = PBXFileReference; lastKnownFileType = sourcecode.c.objc; path = ViewController.m; sourceTree = "<group>"; };
		49BC17091A86C75D007ABE5D /* Base */ = {isa = PBXFileReference; lastKnownFileType = file.storyboard; name = Base; path = Base.lproj/Main.storyboard; sourceTree = "<group>"; };
		49BC170B1A86C75D007ABE5D /* Images.xcassets */ = {isa = PBXFileReference; lastKnownFileType = folder.assetcatalog; path = Images.xcassets; sourceTree = "<group>"; };
		49BC170E1A86C75D007ABE5D /* Base */ = {isa = PBXFileReference; lastKnownFileType = file.xib; name = Base; path = Base.lproj/LaunchScreen.xib; sourceTree = "<group>"; };
		49BC17141A86C75E007ABE5D /* webserviceTests.xctest */ = {isa = PBXFileReference; explicitFileType = wrapper.cfbundle; includeInIndex = 0; path = webserviceTests.xctest; sourceTree = BUILT_PRODUCTS_DIR; };
		49BC17191A86C75E007ABE5D /* Info.plist */ = {isa = PBXFileReference; lastKnownFileType = text.plist.xml; path = Info.plist; sourceTree = "<group>"; };
		49BC171A1A86C75E007ABE5D /* webserviceTests.m */ = {isa = PBXFileReference; lastKnownFileType = sourcecode.c.objc; path = webserviceTests.m; sourceTree = "<group>"; };
/* End PBXFileReference section */

/* Begin PBXFrameworksBuildPhase section */
		49BC16F81A86C75D007ABE5D /* Frameworks */ = {
			isa = PBXFrameworksBuildPhase;
			buildActionMask = 2147483647;
			files = (
			);
			runOnlyForDeploymentPostprocessing = 0;
		};
		49BC17111A86C75E007ABE5D /* Frameworks */ = {
			isa = PBXFrameworksBuildPhase;
			buildActionMask = 2147483647;
			files = (
			);
			runOnlyForDeploymentPostprocessing = 0;
		};
/* End PBXFrameworksBuildPhase section */

/* Begin PBXGroup section */
		49BC16F21A86C75D007ABE5D = {
			isa = PBXGroup;
			children = (
				49BC16FD1A86C75D007ABE5D /* webservice */,
				49BC17171A86C75E007ABE5D /* webserviceTests */,
				49BC16FC1A86C75D007ABE5D /* Products */,
			);
			sourceTree = "<group>";
		};
		49BC16FC1A86C75D007ABE5D /* Products */ = {
			isa = PBXGroup;
			children = (
				49BC16FB1A86C75D007ABE5D /* webservice.app */,
				49BC17141A86C75E007ABE5D /* webserviceTests.xctest */,
			);
			name = Products;
			sourceTree = "<group>";
		};
		49BC16FD1A86C75D007ABE5D /* webservice */ = {
			isa = PBXGroup;
			children = (
				49BC17021A86C75D007ABE5D /* AppDelegate.h */,
				49BC17031A86C75D007ABE5D /* AppDelegate.m */,
				49BC17051A86C75D007ABE5D /* ViewController.h */,
				49BC17061A86C75D007ABE5D /* ViewController.m */,
				49BC17081A86C75D007ABE5D /* Main.storyboard */,
				49BC170B1A86C75D007ABE5D /* Images.xcassets */,
				49BC170D1A86C75D007ABE5D /* LaunchScreen.xib */,
				49BC16FE1A86C75D007ABE5D /* Supporting Files */,
			);
			path = webservice;
			sourceTree = "<group>";
		};
		49BC16FE1A86C75D007ABE5D /* Supporting Files */ = {
			isa = PBXGroup;
			children = (
				49BC16FF1A86C75D007ABE5D /* Info.plist */,
				49BC17001A86C75D007ABE5D /* main.m */,
			);
			name = "Supporting Files";
			sourceTree = "<group>";
		};
		49BC17171A86C75E007ABE5D /* webserviceTests */ = {
			isa = PBXGroup;
			children = (
				49BC171A1A86C75E007ABE5D /* webserviceTests.m */,
				49BC17181A86C75E007ABE5D /* Supporting Files */,
			);
			path = webserviceTests;
			sourceTree = "<group>";
		};
		49BC17181A86C75E007ABE5D /* Supporting Files */ = {
			isa = PBXGroup;
			children = (
				49BC17191A86C75E007ABE5D /* Info.plist */,
			);
			name = "Supporting Files";
			sourceTree = "<group>";
		};
/* End PBXGroup section */

/* Begin PBXNativeTarget section */
		49BC16FA1A86C75D007ABE5D /* webservice */ = {
			isa = PBXNativeTarget;
			buildConfigurationList = 49BC171E1A86C75E007ABE5D /* Build configuration list for PBXNativeTarget "webservice" */;
			buildPhases = (
				49BC16F71A86C75D007ABE5D /* Sources */,
				49BC16F81A86C75D007ABE5D /* Frameworks */,
				49BC16F91A86C75D007ABE5D /* Resources */,
			);
			buildRules = (
			);
			dependencies = (
			);
			name = webservice;
			productName = webservice;
			productReference = 49BC16FB1A86C75D007ABE5D /* webservice.app */;
			productType = "com.apple.product-type.application";
		};
		49BC17131A86C75E007ABE5D /* webserviceTests */ = {
			isa = PBXNativeTarget;
			buildConfigurationList = 49BC17211A86C75E007ABE5D /* Build configuration list for PBXNativeTarget "webserviceTests" */;
			buildPhases = (
				49BC17101A86C75E007ABE5D /* Sources */,
				49BC17111A86C75E007ABE5D /* Frameworks */,
				49BC17121A86C75E007ABE5D /* Resources */,
			);
			buildRules = (
			);
			dependencies = (
				49BC17161A86C75E007ABE5D /* PBXTargetDependency */,
			);
			name = webserviceTests;
			productName = webserviceTests;
			productReference = 49BC17141A86C75E007ABE5D /* webserviceTests.xctest */;
			productType = "com.apple.product-type.bundle.unit-test";
		};
/* End PBXNativeTarget section */

/* Begin PBXProject section */
		49BC16F31A86C75D007ABE5D /* Project object */ = {
			isa = PBXProject;
			attributes = {
				LastUpgradeCheck = 0610;
				ORGANIZATIONNAME = "miguel castro";
				TargetAttributes = {
					49BC16FA1A86C75D007ABE5D = {
						CreatedOnToolsVersion = 6.1.1;
					};
					49BC17131A86C75E007ABE5D = {
						CreatedOnToolsVersion = 6.1.1;
						TestTargetID = 49BC16FA1A86C75D007ABE5D;
					};
				};
			};
			buildConfigurationList = 49BC16F61A86C75D007ABE5D /* Build configuration list for PBXProject "webservice" */;
			compatibilityVersion = "Xcode 3.2";
			developmentRegion = English;
			hasScannedForEncodings = 0;
			knownRegions = (
				en,
				Base,
			);
			mainGroup = 49BC16F21A86C75D007ABE5D;
			productRefGroup = 49BC16FC1A86C75D007ABE5D /* Products */;
			projectDirPath = "";
			projectRoot = "";
			targets = (
				49BC16FA1A86C75D007ABE5D /* webservice */,
				49BC17131A86C75E007ABE5D /* webserviceTests */,
			);
		};
/* End PBXProject section */

/* Begin PBXResourcesBuildPhase section */
		49BC16F91A86C75D007ABE5D /* Resources */ = {
			isa = PBXResourcesBuildPhase;
			buildActionMask = 2147483647;
			files = (
				49BC170A1A86C75D007ABE5D /* Main.storyboard in Resources */,
				49BC170F1A86C75D007ABE5D /* LaunchScreen.xib in Resources */,
				49BC170C1A86C75D007ABE5D /* Images.xcassets in Resources */,
			);
			runOnlyForDeploymentPostprocessing = 0;
		};
		49BC17121A86C75E007ABE5D /* Resources */ = {
			isa = PBXResourcesBuildPhase;
			buildActionMask = 2147483647;
			files = (
			);
			runOnlyForDeploymentPostprocessing = 0;
		};
/* End PBXResourcesBuildPhase section */

/* Begin PBXSourcesBuildPhase section */
		49BC16F71A86C75D007ABE5D /* Sources */ = {
			isa = PBXSourcesBuildPhase;
			buildActionMask = 2147483647;
			files = (
				49BC17071A86C75D007ABE5D /* ViewController.m in Sources */,
				49BC17041A86C75D007ABE5D /* AppDelegate.m in Sources */,
				49BC17011A86C75D007ABE5D /* main.m in Sources */,
			);
			runOnlyForDeploymentPostprocessing = 0;
		};
		49BC17101A86C75E007ABE5D /* Sources */ = {
			isa = PBXSourcesBuildPhase;
			buildActionMask = 2147483647;
			files = (
				49BC171B1A86C75E007ABE5D /* webserviceTests.m in Sources */,
			);
			runOnlyForDeploymentPostprocessing = 0;
		};
/* End PBXSourcesBuildPhase section */

/* Begin PBXTargetDependency section */
		49BC17161A86C75E007ABE5D /* PBXTargetDependency */ = {
			isa = PBXTargetDependency;
			target = 49BC16FA1A86C75D007ABE5D /* webservice */;
			targetProxy = 49BC17151A86C75E007ABE5D /* PBXContainerItemProxy */;
		};
/* End PBXTargetDependency section */

/* Begin PBXVariantGroup section */
		49BC17081A86C75D007ABE5D /* Main.storyboard */ = {
			isa = PBXVariantGroup;
			children = (
				49BC17091A86C75D007ABE5D /* Base */,
			);
			name = Main.storyboard;
			sourceTree = "<group>";
		};
		49BC170D1A86C75D007ABE5D /* LaunchScreen.xib */ = {
			isa = PBXVariantGroup;
			children = (
				49BC170E1A86C75D007ABE5D /* Base */,
			);
			name = LaunchScreen.xib;
			sourceTree = "<group>";
		};
/* End PBXVariantGroup section */

/* Begin XCBuildConfiguration section */
		49BC171C1A86C75E007ABE5D /* Debug */ = {
			isa = XCBuildConfiguration;
			buildSettings = {
				ALWAYS_SEARCH_USER_PATHS = NO;
				CLANG_CXX_LANGUAGE_STANDARD = "gnu++0x";
				CLANG_CXX_LIBRARY = "libc++";
				CLANG_ENABLE_MODULES = YES;
				CLANG_ENABLE_OBJC_ARC = YES;
				CLANG_WARN_BOOL_CONVERSION = YES;
				CLANG_WARN_CONSTANT_CONVERSION = YES;
				CLANG_WARN_DIRECT_OBJC_ISA_USAGE = YES_ERROR;
				CLANG_WARN_EMPTY_BODY = YES;
				CLANG_WARN_ENUM_CONVERSION = YES;
				CLANG_WARN_INT_CONVERSION = YES;
				CLANG_WARN_OBJC_ROOT_CLASS = YES_ERROR;
				CLANG_WARN_UNREACHABLE_CODE = YES;
				CLANG_WARN__DUPLICATE_METHOD_MATCH = YES;
				"CODE_SIGN_IDENTITY[sdk=iphoneos*]" = "iPhone Developer";
				COPY_PHASE_STRIP = NO;
				ENABLE_STRICT_OBJC_MSGSEND = YES;
				GCC_C_LANGUAGE_STANDARD = gnu99;
				GCC_DYNAMIC_NO_PIC = NO;
				GCC_OPTIMIZATION_LEVEL = 0;
				GCC_PREPROCESSOR_DEFINITIONS = (
					"DEBUG=1",
					"$(inherited)",
				);
				GCC_SYMBOLS_PRIVATE_EXTERN = NO;
				GCC_WARN_64_TO_32_BIT_CONVERSION = YES;
				GCC_WARN_ABOUT_RETURN_TYPE = YES_ERROR;
				GCC_WARN_UNDECLARED_SELECTOR = YES;
				GCC_WARN_UNINITIALIZED_AUTOS = YES_AGGRESSIVE;
				GCC_WARN_UNUSED_FUNCTION = YES;
				GCC_WARN_UNUSED_VARIABLE = YES;
				IPHONEOS_DEPLOYMENT_TARGET = 8.1;
				MTL_ENABLE_DEBUG_INFO = YES;
				ONLY_ACTIVE_ARCH = YES;
				SDKROOT = iphoneos;
			};
			name = Debug;
		};
		49BC171D1A86C75E007ABE5D /* Release */ = {
			isa = XCBuildConfiguration;
			buildSettings = {
				ALWAYS_SEARCH_USER_PATHS = NO;
				CLANG_CXX_LANGUAGE_STANDARD = "gnu++0x";
				CLANG_CXX_LIBRARY = "libc++";
				CLANG_ENABLE_MODULES = YES;
				CLANG_ENABLE_OBJC_ARC = YES;
				CLANG_WARN_BOOL_CONVERSION = YES;
				CLANG_WARN_CONSTANT_CONVERSION = YES;
				CLANG_WARN_DIRECT_OBJC_ISA_USAGE = YES_ERROR;
				CLANG_WARN_EMPTY_BODY = YES;
				CLANG_WARN_ENUM_CONVERSION = YES;
				CLANG_WARN_INT_CONVERSION = YES;
				CLANG_WARN_OBJC_ROOT_CLASS = YES_ERROR;
				CLANG_WARN_UNREACHABLE_CODE = YES;
				CLANG_WARN__DUPLICATE_METHOD_MATCH = YES;
				"CODE_SIGN_IDENTITY[sdk=iphoneos*]" = "iPhone Developer";
				COPY_PHASE_STRIP = YES;
				ENABLE_NS_ASSERTIONS = NO;
				ENABLE_STRICT_OBJC_MSGSEND = YES;
				GCC_C_LANGUAGE_STANDARD = gnu99;
				GCC_WARN_64_TO_32_BIT_CONVERSION = YES;
				GCC_WARN_ABOUT_RETURN_TYPE = YES_ERROR;
				GCC_WARN_UNDECLARED_SELECTOR = YES;
				GCC_WARN_UNINITIALIZED_AUTOS = YES_AGGRESSIVE;
				GCC_WARN_UNUSED_FUNCTION = YES;
				GCC_WARN_UNUSED_VARIABLE = YES;
				IPHONEOS_DEPLOYMENT_TARGET = 8.1;
				MTL_ENABLE_DEBUG_INFO = NO;
				SDKROOT = iphoneos;
				VALIDATE_PRODUCT = YES;
			};
			name = Release;
		};
		49BC171F1A86C75E007ABE5D /* Debug */ = {
			isa = XCBuildConfiguration;
			buildSettings = {
				ASSETCATALOG_COMPILER_APPICON_NAME = AppIcon;
				INFOPLIST_FILE = webservice/Info.plist;
				LD_RUNPATH_SEARCH_PATHS = "$(inherited) @executable_path/Frameworks";
				PRODUCT_NAME = "$(TARGET_NAME)";
			};
			name = Debug;
		};
		49BC17201A86C75E007ABE5D /* Release */ = {
			isa = XCBuildConfiguration;
			buildSettings = {
				ASSETCATALOG_COMPILER_APPICON_NAME = AppIcon;
				INFOPLIST_FILE = webservice/Info.plist;
				LD_RUNPATH_SEARCH_PATHS = "$(inherited) @executable_path/Frameworks";
				PRODUCT_NAME = "$(TARGET_NAME)";
			};
			name = Release;
		};
		49BC17221A86C75E007ABE5D /* Debug */ = {
			isa = XCBuildConfiguration;
			buildSettings = {
				BUNDLE_LOADER = "$(TEST_HOST)";
				FRAMEWORK_SEARCH_PATHS = (
					"$(SDKROOT)/Developer/Library/Frameworks",
					"$(inherited)",
				);
				GCC_PREPROCESSOR_DEFINITIONS = (
					"DEBUG=1",
					"$(inherited)",
				);
				INFOPLIST_FILE = webserviceTests/Info.plist;
				LD_RUNPATH_SEARCH_PATHS = "$(inherited) @executable_path/Frameworks @loader_path/Frameworks";
				PRODUCT_NAME = "$(TARGET_NAME)";
				TEST_HOST = "$(BUILT_PRODUCTS_DIR)/webservice.app/webservice";
			};
			name = Debug;
		};
		49BC17231A86C75E007ABE5D /* Release */ = {
			isa = XCBuildConfiguration;
			buildSettings = {
				BUNDLE_LOADER = "$(TEST_HOST)";
				FRAMEWORK_SEARCH_PATHS = (
					"$(SDKROOT)/Developer/Library/Frameworks",
					"$(inherited)",
				);
				INFOPLIST_FILE = webserviceTests/Info.plist;
				LD_RUNPATH_SEARCH_PATHS = "$(inherited) @executable_path/Frameworks @loader_path/Frameworks";
				PRODUCT_NAME = "$(TARGET_NAME)";
				TEST_HOST = "$(BUILT_PRODUCTS_DIR)/webservice.app/webservice";
			};
			name = Release;
		};
/* End XCBuildConfiguration section */

/* Begin XCConfigurationList section */
		49BC16F61A86C75D007ABE5D /* Build configuration list for PBXProject "webservice" */ = {
			isa = XCConfigurationList;
			buildConfigurations = (
				49BC171C1A86C75E007ABE5D /* Debug */,
				49BC171D1A86C75E007ABE5D /* Release */,
			);
			defaultConfigurationIsVisible = 0;
			defaultConfigurationName = Release;
		};
		49BC171E1A86C75E007ABE5D /* Build configuration list for PBXNativeTarget "webservice" */ = {
			isa = XCConfigurationList;
			buildConfigurations = (
				49BC171F1A86C75E007ABE5D /* Debug */,
				49BC17201A86C75E007ABE5D /* Release */,
			);
			defaultConfigurationIsVisible = 0;
		};
		49BC17211A86C75E007ABE5D /* Build configuration list for PBXNativeTarget "webserviceTests" */ = {
			isa = XCConfigurationList;
			buildConfigurations = (
				49BC17221A86C75E007ABE5D /* Debug */,
				49BC17231A86C75E007ABE5D /* Release */,
			);
			defaultConfigurationIsVisible = 0;
		};
/* End XCConfigurationList section */
	};
	rootObject = 49BC16F31A86C75D007ABE5D /* Project object */;
}
