// !$*UTF8*$!
{
	archiveVersion = 1;
	classes = {
	};
	objectVersion = 46;
	objects = {

/* Begin PBXBuildFile section */
		49B0730A1AEB3D6F0013A046 /* main.m in Sources */ = {isa = PBXBuildFile; fileRef = 49B073091AEB3D6F0013A046 /* main.m */; };
/* End PBXBuildFile section */

/* Begin PBXCopyFilesBuildPhase section */
		49B073041AEB3D6F0013A046 /* CopyFiles */ = {
			isa = PBXCopyFilesBuildPhase;
			buildActionMask = 2147483647;
			dstPath = /usr/share/man/man1/;
			dstSubfolderSpec = 0;
			files = (
			);
			runOnlyForDeploymentPostprocessing = 1;
		};
/* End PBXCopyFilesBuildPhase section */

/* Begin PBXFileReference section */
		49B073061AEB3D6F0013A046 /* Exercise51 */ = {isa = PBXFileReference; explicitFileType = "compiled.mach-o.executable"; includeInIndex = 0; path = Exercise51; sourceTree = BUILT_PRODUCTS_DIR; };
		49B073091AEB3D6F0013A046 /* main.m */ = {isa = PBXFileReference; lastKnownFileType = sourcecode.c.objc; path = main.m; sourceTree = "<group>"; };
/* End PBXFileReference section */

/* Begin PBXFrameworksBuildPhase section */
		49B073031AEB3D6F0013A046 /* Frameworks */ = {
			isa = PBXFrameworksBuildPhase;
			buildActionMask = 2147483647;
			files = (
			);
			runOnlyForDeploymentPostprocessing = 0;
		};
/* End PBXFrameworksBuildPhase section */

/* Begin PBXGroup section */
		49B072FD1AEB3D6F0013A046 = {
			isa = PBXGroup;
			children = (
				49B073081AEB3D6F0013A046 /* Exercise51 */,
				49B073071AEB3D6F0013A046 /* Products */,
			);
			sourceTree = "<group>";
		};
		49B073071AEB3D6F0013A046 /* Products */ = {
			isa = PBXGroup;
			children = (
				49B073061AEB3D6F0013A046 /* Exercise51 */,
			);
			name = Products;
			sourceTree = "<group>";
		};
		49B073081AEB3D6F0013A046 /* Exercise51 */ = {
			isa = PBXGroup;
			children = (
				49B073091AEB3D6F0013A046 /* main.m */,
			);
			path = Exercise51;
			sourceTree = "<group>";
		};
/* End PBXGroup section */

/* Begin PBXNativeTarget section */
		49B073051AEB3D6F0013A046 /* Exercise51 */ = {
			isa = PBXNativeTarget;
			buildConfigurationList = 49B0730D1AEB3D6F0013A046 /* Build configuration list for PBXNativeTarget "Exercise51" */;
			buildPhases = (
				49B073021AEB3D6F0013A046 /* Sources */,
				49B073031AEB3D6F0013A046 /* Frameworks */,
				49B073041AEB3D6F0013A046 /* CopyFiles */,
			);
			buildRules = (
			);
			dependencies = (
			);
			name = Exercise51;
			productName = Exercise51;
			productReference = 49B073061AEB3D6F0013A046 /* Exercise51 */;
			productType = "com.apple.product-type.tool";
		};
/* End PBXNativeTarget section */

/* Begin PBXProject section */
		49B072FE1AEB3D6F0013A046 /* Project object */ = {
			isa = PBXProject;
			attributes = {
				LastUpgradeCheck = 0620;
				ORGANIZATIONNAME = "miguel castro";
				TargetAttributes = {
					49B073051AEB3D6F0013A046 = {
						CreatedOnToolsVersion = 6.2;
					};
				};
			};
			buildConfigurationList = 49B073011AEB3D6F0013A046 /* Build configuration list for PBXProject "Exercise51" */;
			compatibilityVersion = "Xcode 3.2";
			developmentRegion = English;
			hasScannedForEncodings = 0;
			knownRegions = (
				en,
			);
			mainGroup = 49B072FD1AEB3D6F0013A046;
			productRefGroup = 49B073071AEB3D6F0013A046 /* Products */;
			projectDirPath = "";
			projectRoot = "";
			targets = (
				49B073051AEB3D6F0013A046 /* Exercise51 */,
			);
		};
/* End PBXProject section */

/* Begin PBXSourcesBuildPhase section */
		49B073021AEB3D6F0013A046 /* Sources */ = {
			isa = PBXSourcesBuildPhase;
			buildActionMask = 2147483647;
			files = (
				49B0730A1AEB3D6F0013A046 /* main.m in Sources */,
			);
			runOnlyForDeploymentPostprocessing = 0;
		};
/* End PBXSourcesBuildPhase section */

/* Begin XCBuildConfiguration section */
		49B0730B1AEB3D6F0013A046 /* Debug */ = {
			isa = XCBuildConfiguration;
			buildSettings = {
				ALWAYS_SEARCH_USER_PATHS = NO;
				CLANG_CXX_LANGUAGE_STANDARD = "gnu++0x";
				CLANG_CXX_LIBRARY = "libc++";
				CLANG_ENABLE_MODULES = YES;
				CLANG_ENABLE_OBJC_ARC = YES;
				CLANG_WARN_BOOL_CONVERSION = YES;
				CLANG_WARN_CONSTANT_CONVERSION = YES;
				CLANG_WARN_DIRECT_OBJC_ISA_USAGE = YES_ERROR;
				CLANG_WARN_EMPTY_BODY = YES;
				CLANG_WARN_ENUM_CONVERSION = YES;
				CLANG_WARN_INT_CONVERSION = YES;
				CLANG_WARN_OBJC_ROOT_CLASS = YES_ERROR;
				CLANG_WARN_UNREACHABLE_CODE = YES;
				CLANG_WARN__DUPLICATE_METHOD_MATCH = YES;
				COPY_PHASE_STRIP = NO;
				ENABLE_STRICT_OBJC_MSGSEND = YES;
				GCC_C_LANGUAGE_STANDARD = gnu99;
				GCC_DYNAMIC_NO_PIC = NO;
				GCC_OPTIMIZATION_LEVEL = 0;
				GCC_PREPROCESSOR_DEFINITIONS = (
					"DEBUG=1",
					"$(inherited)",
				);
				GCC_SYMBOLS_PRIVATE_EXTERN = NO;
				GCC_WARN_64_TO_32_BIT_CONVERSION = YES;
				GCC_WARN_ABOUT_RETURN_TYPE = YES_ERROR;
				GCC_WARN_UNDECLARED_SELECTOR = YES;
				GCC_WARN_UNINITIALIZED_AUTOS = YES_AGGRESSIVE;
				GCC_WARN_UNUSED_FUNCTION = YES;
				GCC_WARN_UNUSED_VARIABLE = YES;
				MACOSX_DEPLOYMENT_TARGET = 10.10;
				MTL_ENABLE_DEBUG_INFO = YES;
				ONLY_ACTIVE_ARCH = YES;
				SDKROOT = macosx;
			};
			name = Debug;
		};
		49B0730C1AEB3D6F0013A046 /* Release */ = {
			isa = XCBuildConfiguration;
			buildSettings = {
				ALWAYS_SEARCH_USER_PATHS = NO;
				CLANG_CXX_LANGUAGE_STANDARD = "gnu++0x";
				CLANG_CXX_LIBRARY = "libc++";
				CLANG_ENABLE_MODULES = YES;
				CLANG_ENABLE_OBJC_ARC = YES;
				CLANG_WARN_BOOL_CONVERSION = YES;
				CLANG_WARN_CONSTANT_CONVERSION = YES;
				CLANG_WARN_DIRECT_OBJC_ISA_USAGE = YES_ERROR;
				CLANG_WARN_EMPTY_BODY = YES;
				CLANG_WARN_ENUM_CONVERSION = YES;
				CLANG_WARN_INT_CONVERSION = YES;
				CLANG_WARN_OBJC_ROOT_CLASS = YES_ERROR;
				CLANG_WARN_UNREACHABLE_CODE = YES;
				CLANG_WARN__DUPLICATE_METHOD_MATCH = YES;
				COPY_PHASE_STRIP = NO;
				DEBUG_INFORMATION_FORMAT = "dwarf-with-dsym";
				ENABLE_NS_ASSERTIONS = NO;
				ENABLE_STRICT_OBJC_MSGSEND = YES;
				GCC_C_LANGUAGE_STANDARD = gnu99;
				GCC_WARN_64_TO_32_BIT_CONVERSION = YES;
				GCC_WARN_ABOUT_RETURN_TYPE = YES_ERROR;
				GCC_WARN_UNDECLARED_SELECTOR = YES;
				GCC_WARN_UNINITIALIZED_AUTOS = YES_AGGRESSIVE;
				GCC_WARN_UNUSED_FUNCTION = YES;
				GCC_WARN_UNUSED_VARIABLE = YES;
				MACOSX_DEPLOYMENT_TARGET = 10.10;
				MTL_ENABLE_DEBUG_INFO = NO;
				SDKROOT = macosx;
			};
			name = Release;
		};
		49B0730E1AEB3D6F0013A046 /* Debug */ = {
			isa = XCBuildConfiguration;
			buildSettings = {
				PRODUCT_NAME = "$(TARGET_NAME)";
			};
			name = Debug;
		};
		49B0730F1AEB3D6F0013A046 /* Release */ = {
			isa = XCBuildConfiguration;
			buildSettings = {
				PRODUCT_NAME = "$(TARGET_NAME)";
			};
			name = Release;
		};
/* End XCBuildConfiguration section */

/* Begin XCConfigurationList section */
		49B073011AEB3D6F0013A046 /* Build configuration list for PBXProject "Exercise51" */ = {
			isa = XCConfigurationList;
			buildConfigurations = (
				49B0730B1AEB3D6F0013A046 /* Debug */,
				49B0730C1AEB3D6F0013A046 /* Release */,
			);
			defaultConfigurationIsVisible = 0;
			defaultConfigurationName = Release;
		};
		49B0730D1AEB3D6F0013A046 /* Build configuration list for PBXNativeTarget "Exercise51" */ = {
			isa = XCConfigurationList;
			buildConfigurations = (
				49B0730E1AEB3D6F0013A046 /* Debug */,
				49B0730F1AEB3D6F0013A046 /* Release */,
			);
			defaultConfigurationIsVisible = 0;
		};
/* End XCConfigurationList section */
	};
	rootObject = 49B072FE1AEB3D6F0013A046 /* Project object */;
}
