// !$*UTF8*$!
{
	archiveVersion = 1;
	classes = {
	};
	objectVersion = 46;
	objects = {

/* Begin PBXBuildFile section */
		499FD5701BB1A4B100186EA5 /* main.m in Sources */ = {isa = PBXBuildFile; fileRef = 499FD56F1BB1A4B100186EA5 /* main.m */; };
		499FD5731BB1A4B100186EA5 /* AppDelegate.m in Sources */ = {isa = PBXBuildFile; fileRef = 499FD5721BB1A4B100186EA5 /* AppDelegate.m */; };
		499FD5761BB1A4B100186EA5 /* ViewController.m in Sources */ = {isa = PBXBuildFile; fileRef = 499FD5751BB1A4B100186EA5 /* ViewController.m */; };
		499FD5791BB1A4B100186EA5 /* Main.storyboard in Resources */ = {isa = PBXBuildFile; fileRef = 499FD5771BB1A4B100186EA5 /* Main.storyboard */; };
		499FD57B1BB1A4B100186EA5 /* Images.xcassets in Resources */ = {isa = PBXBuildFile; fileRef = 499FD57A1BB1A4B100186EA5 /* Images.xcassets */; };
		499FD57E1BB1A4B100186EA5 /* LaunchScreen.xib in Resources */ = {isa = PBXBuildFile; fileRef = 499FD57C1BB1A4B100186EA5 /* LaunchScreen.xib */; };
		499FD58A1BB1A4B100186EA5 /* UITableViewController_Challenge_SolutionTests.m in Sources */ = {isa = PBXBuildFile; fileRef = 499FD5891BB1A4B100186EA5 /* UITableViewController_Challenge_SolutionTests.m */; };
/* End PBXBuildFile section */

/* Begin PBXContainerItemProxy section */
		499FD5841BB1A4B100186EA5 /* PBXContainerItemProxy */ = {
			isa = PBXContainerItemProxy;
			containerPortal = 499FD5621BB1A4B100186EA5 /* Project object */;
			proxyType = 1;
			remoteGlobalIDString = 499FD5691BB1A4B100186EA5;
			remoteInfo = "UITableViewController Challenge Solution";
		};
/* End PBXContainerItemProxy section */

/* Begin PBXFileReference section */
		499FD56A1BB1A4B100186EA5 /* UITableViewController Challenge Solution.app */ = {isa = PBXFileReference; explicitFileType = wrapper.application; includeInIndex = 0; path = "UITableViewController Challenge Solution.app"; sourceTree = BUILT_PRODUCTS_DIR; };
		499FD56E1BB1A4B100186EA5 /* Info.plist */ = {isa = PBXFileReference; lastKnownFileType = text.plist.xml; path = Info.plist; sourceTree = "<group>"; };
		499FD56F1BB1A4B100186EA5 /* main.m */ = {isa = PBXFileReference; lastKnownFileType = sourcecode.c.objc; path = main.m; sourceTree = "<group>"; };
		499FD5711BB1A4B100186EA5 /* AppDelegate.h */ = {isa = PBXFileReference; lastKnownFileType = sourcecode.c.h; path = AppDelegate.h; sourceTree = "<group>"; };
		499FD5721BB1A4B100186EA5 /* AppDelegate.m */ = {isa = PBXFileReference; lastKnownFileType = sourcecode.c.objc; path = AppDelegate.m; sourceTree = "<group>"; };
		499FD5741BB1A4B100186EA5 /* ViewController.h */ = {isa = PBXFileReference; lastKnownFileType = sourcecode.c.h; path = ViewController.h; sourceTree = "<group>"; };
		499FD5751BB1A4B100186EA5 /* ViewController.m */ = {isa = PBXFileReference; lastKnownFileType = sourcecode.c.objc; path = ViewController.m; sourceTree = "<group>"; };
		499FD5781BB1A4B100186EA5 /* Base */ = {isa = PBXFileReference; lastKnownFileType = file.storyboard; name = Base; path = Base.lproj/Main.storyboard; sourceTree = "<group>"; };
		499FD57A1BB1A4B100186EA5 /* Images.xcassets */ = {isa = PBXFileReference; lastKnownFileType = folder.assetcatalog; path = Images.xcassets; sourceTree = "<group>"; };
		499FD57D1BB1A4B100186EA5 /* Base */ = {isa = PBXFileReference; lastKnownFileType = file.xib; name = Base; path = Base.lproj/LaunchScreen.xib; sourceTree = "<group>"; };
		499FD5831BB1A4B100186EA5 /* UITableViewController Challenge SolutionTests.xctest */ = {isa = PBXFileReference; explicitFileType = wrapper.cfbundle; includeInIndex = 0; path = "UITableViewController Challenge SolutionTests.xctest"; sourceTree = BUILT_PRODUCTS_DIR; };
		499FD5881BB1A4B100186EA5 /* Info.plist */ = {isa = PBXFileReference; lastKnownFileType = text.plist.xml; path = Info.plist; sourceTree = "<group>"; };
		499FD5891BB1A4B100186EA5 /* UITableViewController_Challenge_SolutionTests.m */ = {isa = PBXFileReference; lastKnownFileType = sourcecode.c.objc; path = UITableViewController_Challenge_SolutionTests.m; sourceTree = "<group>"; };
/* End PBXFileReference section */

/* Begin PBXFrameworksBuildPhase section */
		499FD5671BB1A4B100186EA5 /* Frameworks */ = {
			isa = PBXFrameworksBuildPhase;
			buildActionMask = 2147483647;
			files = (
			);
			runOnlyForDeploymentPostprocessing = 0;
		};
		499FD5801BB1A4B100186EA5 /* Frameworks */ = {
			isa = PBXFrameworksBuildPhase;
			buildActionMask = 2147483647;
			files = (
			);
			runOnlyForDeploymentPostprocessing = 0;
		};
/* End PBXFrameworksBuildPhase section */

/* Begin PBXGroup section */
		499FD5611BB1A4B100186EA5 = {
			isa = PBXGroup;
			children = (
				499FD56C1BB1A4B100186EA5 /* UITableViewController Challenge Solution */,
				499FD5861BB1A4B100186EA5 /* UITableViewController Challenge SolutionTests */,
				499FD56B1BB1A4B100186EA5 /* Products */,
			);
			sourceTree = "<group>";
		};
		499FD56B1BB1A4B100186EA5 /* Products */ = {
			isa = PBXGroup;
			children = (
				499FD56A1BB1A4B100186EA5 /* UITableViewController Challenge Solution.app */,
				499FD5831BB1A4B100186EA5 /* UITableViewController Challenge SolutionTests.xctest */,
			);
			name = Products;
			sourceTree = "<group>";
		};
		499FD56C1BB1A4B100186EA5 /* UITableViewController Challenge Solution */ = {
			isa = PBXGroup;
			children = (
				499FD5711BB1A4B100186EA5 /* AppDelegate.h */,
				499FD5721BB1A4B100186EA5 /* AppDelegate.m */,
				499FD5741BB1A4B100186EA5 /* ViewController.h */,
				499FD5751BB1A4B100186EA5 /* ViewController.m */,
				499FD5771BB1A4B100186EA5 /* Main.storyboard */,
				499FD57A1BB1A4B100186EA5 /* Images.xcassets */,
				499FD57C1BB1A4B100186EA5 /* LaunchScreen.xib */,
				499FD56D1BB1A4B100186EA5 /* Supporting Files */,
			);
			path = "UITableViewController Challenge Solution";
			sourceTree = "<group>";
		};
		499FD56D1BB1A4B100186EA5 /* Supporting Files */ = {
			isa = PBXGroup;
			children = (
				499FD56E1BB1A4B100186EA5 /* Info.plist */,
				499FD56F1BB1A4B100186EA5 /* main.m */,
			);
			name = "Supporting Files";
			sourceTree = "<group>";
		};
		499FD5861BB1A4B100186EA5 /* UITableViewController Challenge SolutionTests */ = {
			isa = PBXGroup;
			children = (
				499FD5891BB1A4B100186EA5 /* UITableViewController_Challenge_SolutionTests.m */,
				499FD5871BB1A4B100186EA5 /* Supporting Files */,
			);
			path = "UITableViewController Challenge SolutionTests";
			sourceTree = "<group>";
		};
		499FD5871BB1A4B100186EA5 /* Supporting Files */ = {
			isa = PBXGroup;
			children = (
				499FD5881BB1A4B100186EA5 /* Info.plist */,
			);
			name = "Supporting Files";
			sourceTree = "<group>";
		};
/* End PBXGroup section */

/* Begin PBXNativeTarget section */
		499FD5691BB1A4B100186EA5 /* UITableViewController Challenge Solution */ = {
			isa = PBXNativeTarget;
			buildConfigurationList = 499FD58D1BB1A4B100186EA5 /* Build configuration list for PBXNativeTarget "UITableViewController Challenge Solution" */;
			buildPhases = (
				499FD5661BB1A4B100186EA5 /* Sources */,
				499FD5671BB1A4B100186EA5 /* Frameworks */,
				499FD5681BB1A4B100186EA5 /* Resources */,
			);
			buildRules = (
			);
			dependencies = (
			);
			name = "UITableViewController Challenge Solution";
			productName = "UITableViewController Challenge Solution";
			productReference = 499FD56A1BB1A4B100186EA5 /* UITableViewController Challenge Solution.app */;
			productType = "com.apple.product-type.application";
		};
		499FD5821BB1A4B100186EA5 /* UITableViewController Challenge SolutionTests */ = {
			isa = PBXNativeTarget;
			buildConfigurationList = 499FD5901BB1A4B100186EA5 /* Build configuration list for PBXNativeTarget "UITableViewController Challenge SolutionTests" */;
			buildPhases = (
				499FD57F1BB1A4B100186EA5 /* Sources */,
				499FD5801BB1A4B100186EA5 /* Frameworks */,
				499FD5811BB1A4B100186EA5 /* Resources */,
			);
			buildRules = (
			);
			dependencies = (
				499FD5851BB1A4B100186EA5 /* PBXTargetDependency */,
			);
			name = "UITableViewController Challenge SolutionTests";
			productName = "UITableViewController Challenge SolutionTests";
			productReference = 499FD5831BB1A4B100186EA5 /* UITableViewController Challenge SolutionTests.xctest */;
			productType = "com.apple.product-type.bundle.unit-test";
		};
/* End PBXNativeTarget section */

/* Begin PBXProject section */
		499FD5621BB1A4B100186EA5 /* Project object */ = {
			isa = PBXProject;
			attributes = {
				LastUpgradeCheck = 0630;
				ORGANIZATIONNAME = "miguel castro";
				TargetAttributes = {
					499FD5691BB1A4B100186EA5 = {
						CreatedOnToolsVersion = 6.3.2;
					};
					499FD5821BB1A4B100186EA5 = {
						CreatedOnToolsVersion = 6.3.2;
						TestTargetID = 499FD5691BB1A4B100186EA5;
					};
				};
			};
			buildConfigurationList = 499FD5651BB1A4B100186EA5 /* Build configuration list for PBXProject "UITableViewController Challenge Solution" */;
			compatibilityVersion = "Xcode 3.2";
			developmentRegion = English;
			hasScannedForEncodings = 0;
			knownRegions = (
				en,
				Base,
			);
			mainGroup = 499FD5611BB1A4B100186EA5;
			productRefGroup = 499FD56B1BB1A4B100186EA5 /* Products */;
			projectDirPath = "";
			projectRoot = "";
			targets = (
				499FD5691BB1A4B100186EA5 /* UITableViewController Challenge Solution */,
				499FD5821BB1A4B100186EA5 /* UITableViewController Challenge SolutionTests */,
			);
		};
/* End PBXProject section */

/* Begin PBXResourcesBuildPhase section */
		499FD5681BB1A4B100186EA5 /* Resources */ = {
			isa = PBXResourcesBuildPhase;
			buildActionMask = 2147483647;
			files = (
				499FD5791BB1A4B100186EA5 /* Main.storyboard in Resources */,
				499FD57E1BB1A4B100186EA5 /* LaunchScreen.xib in Resources */,
				499FD57B1BB1A4B100186EA5 /* Images.xcassets in Resources */,
			);
			runOnlyForDeploymentPostprocessing = 0;
		};
		499FD5811BB1A4B100186EA5 /* Resources */ = {
			isa = PBXResourcesBuildPhase;
			buildActionMask = 2147483647;
			files = (
			);
			runOnlyForDeploymentPostprocessing = 0;
		};
/* End PBXResourcesBuildPhase section */

/* Begin PBXSourcesBuildPhase section */
		499FD5661BB1A4B100186EA5 /* Sources */ = {
			isa = PBXSourcesBuildPhase;
			buildActionMask = 2147483647;
			files = (
				499FD5761BB1A4B100186EA5 /* ViewController.m in Sources */,
				499FD5731BB1A4B100186EA5 /* AppDelegate.m in Sources */,
				499FD5701BB1A4B100186EA5 /* main.m in Sources */,
			);
			runOnlyForDeploymentPostprocessing = 0;
		};
		499FD57F1BB1A4B100186EA5 /* Sources */ = {
			isa = PBXSourcesBuildPhase;
			buildActionMask = 2147483647;
			files = (
				499FD58A1BB1A4B100186EA5 /* UITableViewController_Challenge_SolutionTests.m in Sources */,
			);
			runOnlyForDeploymentPostprocessing = 0;
		};
/* End PBXSourcesBuildPhase section */

/* Begin PBXTargetDependency section */
		499FD5851BB1A4B100186EA5 /* PBXTargetDependency */ = {
			isa = PBXTargetDependency;
			target = 499FD5691BB1A4B100186EA5 /* UITableViewController Challenge Solution */;
			targetProxy = 499FD5841BB1A4B100186EA5 /* PBXContainerItemProxy */;
		};
/* End PBXTargetDependency section */

/* Begin PBXVariantGroup section */
		499FD5771BB1A4B100186EA5 /* Main.storyboard */ = {
			isa = PBXVariantGroup;
			children = (
				499FD5781BB1A4B100186EA5 /* Base */,
			);
			name = Main.storyboard;
			sourceTree = "<group>";
		};
		499FD57C1BB1A4B100186EA5 /* LaunchScreen.xib */ = {
			isa = PBXVariantGroup;
			children = (
				499FD57D1BB1A4B100186EA5 /* Base */,
			);
			name = LaunchScreen.xib;
			sourceTree = "<group>";
		};
/* End PBXVariantGroup section */

/* Begin XCBuildConfiguration section */
		499FD58B1BB1A4B100186EA5 /* Debug */ = {
			isa = XCBuildConfiguration;
			buildSettings = {
				ALWAYS_SEARCH_USER_PATHS = NO;
				CLANG_CXX_LANGUAGE_STANDARD = "gnu++0x";
				CLANG_CXX_LIBRARY = "libc++";
				CLANG_ENABLE_MODULES = YES;
				CLANG_ENABLE_OBJC_ARC = YES;
				CLANG_WARN_BOOL_CONVERSION = YES;
				CLANG_WARN_CONSTANT_CONVERSION = YES;
				CLANG_WARN_DIRECT_OBJC_ISA_USAGE = YES_ERROR;
				CLANG_WARN_EMPTY_BODY = YES;
				CLANG_WARN_ENUM_CONVERSION = YES;
				CLANG_WARN_INT_CONVERSION = YES;
				CLANG_WARN_OBJC_ROOT_CLASS = YES_ERROR;
				CLANG_WARN_UNREACHABLE_CODE = YES;
				CLANG_WARN__DUPLICATE_METHOD_MATCH = YES;
				"CODE_SIGN_IDENTITY[sdk=iphoneos*]" = "iPhone Developer";
				COPY_PHASE_STRIP = NO;
				DEBUG_INFORMATION_FORMAT = "dwarf-with-dsym";
				ENABLE_STRICT_OBJC_MSGSEND = YES;
				GCC_C_LANGUAGE_STANDARD = gnu99;
				GCC_DYNAMIC_NO_PIC = NO;
				GCC_NO_COMMON_BLOCKS = YES;
				GCC_OPTIMIZATION_LEVEL = 0;
				GCC_PREPROCESSOR_DEFINITIONS = (
					"DEBUG=1",
					"$(inherited)",
				);
				GCC_SYMBOLS_PRIVATE_EXTERN = NO;
				GCC_WARN_64_TO_32_BIT_CONVERSION = YES;
				GCC_WARN_ABOUT_RETURN_TYPE = YES_ERROR;
				GCC_WARN_UNDECLARED_SELECTOR = YES;
				GCC_WARN_UNINITIALIZED_AUTOS = YES_AGGRESSIVE;
				GCC_WARN_UNUSED_FUNCTION = YES;
				GCC_WARN_UNUSED_VARIABLE = YES;
				IPHONEOS_DEPLOYMENT_TARGET = 8.3;
				MTL_ENABLE_DEBUG_INFO = YES;
				ONLY_ACTIVE_ARCH = YES;
				SDKROOT = iphoneos;
			};
			name = Debug;
		};
		499FD58C1BB1A4B100186EA5 /* Release */ = {
			isa = XCBuildConfiguration;
			buildSettings = {
				ALWAYS_SEARCH_USER_PATHS = NO;
				CLANG_CXX_LANGUAGE_STANDARD = "gnu++0x";
				CLANG_CXX_LIBRARY = "libc++";
				CLANG_ENABLE_MODULES = YES;
				CLANG_ENABLE_OBJC_ARC = YES;
				CLANG_WARN_BOOL_CONVERSION = YES;
				CLANG_WARN_CONSTANT_CONVERSION = YES;
				CLANG_WARN_DIRECT_OBJC_ISA_USAGE = YES_ERROR;
				CLANG_WARN_EMPTY_BODY = YES;
				CLANG_WARN_ENUM_CONVERSION = YES;
				CLANG_WARN_INT_CONVERSION = YES;
				CLANG_WARN_OBJC_ROOT_CLASS = YES_ERROR;
				CLANG_WARN_UNREACHABLE_CODE = YES;
				CLANG_WARN__DUPLICATE_METHOD_MATCH = YES;
				"CODE_SIGN_IDENTITY[sdk=iphoneos*]" = "iPhone Developer";
				COPY_PHASE_STRIP = NO;
				DEBUG_INFORMATION_FORMAT = "dwarf-with-dsym";
				ENABLE_NS_ASSERTIONS = NO;
				ENABLE_STRICT_OBJC_MSGSEND = YES;
				GCC_C_LANGUAGE_STANDARD = gnu99;
				GCC_NO_COMMON_BLOCKS = YES;
				GCC_WARN_64_TO_32_BIT_CONVERSION = YES;
				GCC_WARN_ABOUT_RETURN_TYPE = YES_ERROR;
				GCC_WARN_UNDECLARED_SELECTOR = YES;
				GCC_WARN_UNINITIALIZED_AUTOS = YES_AGGRESSIVE;
				GCC_WARN_UNUSED_FUNCTION = YES;
				GCC_WARN_UNUSED_VARIABLE = YES;
				IPHONEOS_DEPLOYMENT_TARGET = 8.3;
				MTL_ENABLE_DEBUG_INFO = NO;
				SDKROOT = iphoneos;
				VALIDATE_PRODUCT = YES;
			};
			name = Release;
		};
		499FD58E1BB1A4B100186EA5 /* Debug */ = {
			isa = XCBuildConfiguration;
			buildSettings = {
				ASSETCATALOG_COMPILER_APPICON_NAME = AppIcon;
				INFOPLIST_FILE = "UITableViewController Challenge Solution/Info.plist";
				LD_RUNPATH_SEARCH_PATHS = "$(inherited) @executable_path/Frameworks";
				PRODUCT_NAME = "$(TARGET_NAME)";
			};
			name = Debug;
		};
		499FD58F1BB1A4B100186EA5 /* Release */ = {
			isa = XCBuildConfiguration;
			buildSettings = {
				ASSETCATALOG_COMPILER_APPICON_NAME = AppIcon;
				INFOPLIST_FILE = "UITableViewController Challenge Solution/Info.plist";
				LD_RUNPATH_SEARCH_PATHS = "$(inherited) @executable_path/Frameworks";
				PRODUCT_NAME = "$(TARGET_NAME)";
			};
			name = Release;
		};
		499FD5911BB1A4B100186EA5 /* Debug */ = {
			isa = XCBuildConfiguration;
			buildSettings = {
				BUNDLE_LOADER = "$(TEST_HOST)";
				FRAMEWORK_SEARCH_PATHS = (
					"$(SDKROOT)/Developer/Library/Frameworks",
					"$(inherited)",
				);
				GCC_PREPROCESSOR_DEFINITIONS = (
					"DEBUG=1",
					"$(inherited)",
				);
				INFOPLIST_FILE = "UITableViewController Challenge SolutionTests/Info.plist";
				LD_RUNPATH_SEARCH_PATHS = "$(inherited) @executable_path/Frameworks @loader_path/Frameworks";
				PRODUCT_NAME = "$(TARGET_NAME)";
				TEST_HOST = "$(BUILT_PRODUCTS_DIR)/UITableViewController Challenge Solution.app/UITableViewController Challenge Solution";
			};
			name = Debug;
		};
		499FD5921BB1A4B100186EA5 /* Release */ = {
			isa = XCBuildConfiguration;
			buildSettings = {
				BUNDLE_LOADER = "$(TEST_HOST)";
				FRAMEWORK_SEARCH_PATHS = (
					"$(SDKROOT)/Developer/Library/Frameworks",
					"$(inherited)",
				);
				INFOPLIST_FILE = "UITableViewController Challenge SolutionTests/Info.plist";
				LD_RUNPATH_SEARCH_PATHS = "$(inherited) @executable_path/Frameworks @loader_path/Frameworks";
				PRODUCT_NAME = "$(TARGET_NAME)";
				TEST_HOST = "$(BUILT_PRODUCTS_DIR)/UITableViewController Challenge Solution.app/UITableViewController Challenge Solution";
			};
			name = Release;
		};
/* End XCBuildConfiguration section */

/* Begin XCConfigurationList section */
		499FD5651BB1A4B100186EA5 /* Build configuration list for PBXProject "UITableViewController Challenge Solution" */ = {
			isa = XCConfigurationList;
			buildConfigurations = (
				499FD58B1BB1A4B100186EA5 /* Debug */,
				499FD58C1BB1A4B100186EA5 /* Release */,
			);
			defaultConfigurationIsVisible = 0;
			defaultConfigurationName = Release;
		};
		499FD58D1BB1A4B100186EA5 /* Build configuration list for PBXNativeTarget "UITableViewController Challenge Solution" */ = {
			isa = XCConfigurationList;
			buildConfigurations = (
				499FD58E1BB1A4B100186EA5 /* Debug */,
				499FD58F1BB1A4B100186EA5 /* Release */,
			);
			defaultConfigurationIsVisible = 0;
		};
		499FD5901BB1A4B100186EA5 /* Build configuration list for PBXNativeTarget "UITableViewController Challenge SolutionTests" */ = {
			isa = XCConfigurationList;
			buildConfigurations = (
				499FD5911BB1A4B100186EA5 /* Debug */,
				499FD5921BB1A4B100186EA5 /* Release */,
			);
			defaultConfigurationIsVisible = 0;
		};
/* End XCConfigurationList section */
	};
	rootObject = 499FD5621BB1A4B100186EA5 /* Project object */;
}
