// !$*UTF8*$!
{
	archiveVersion = 1;
	classes = {
	};
	objectVersion = 46;
	objects = {

/* Begin PBXBuildFile section */
		490167931AD8CDDD00A410F9 /* main.m in Sources */ = {isa = PBXBuildFile; fileRef = 490167921AD8CDDD00A410F9 /* main.m */; };
/* End PBXBuildFile section */

/* Begin PBXCopyFilesBuildPhase section */
		4901678D1AD8CDDD00A410F9 /* CopyFiles */ = {
			isa = PBXCopyFilesBuildPhase;
			buildActionMask = 2147483647;
			dstPath = /usr/share/man/man1/;
			dstSubfolderSpec = 0;
			files = (
			);
			runOnlyForDeploymentPostprocessing = 1;
		};
/* End PBXCopyFilesBuildPhase section */

/* Begin PBXFileReference section */
		4901678F1AD8CDDD00A410F9 /* Exercise22 */ = {isa = PBXFileReference; explicitFileType = "compiled.mach-o.executable"; includeInIndex = 0; path = Exercise22; sourceTree = BUILT_PRODUCTS_DIR; };
		490167921AD8CDDD00A410F9 /* main.m */ = {isa = PBXFileReference; lastKnownFileType = sourcecode.c.objc; path = main.m; sourceTree = "<group>"; };
/* End PBXFileReference section */

/* Begin PBXFrameworksBuildPhase section */
		4901678C1AD8CDDD00A410F9 /* Frameworks */ = {
			isa = PBXFrameworksBuildPhase;
			buildActionMask = 2147483647;
			files = (
			);
			runOnlyForDeploymentPostprocessing = 0;
		};
/* End PBXFrameworksBuildPhase section */

/* Begin PBXGroup section */
		490167861AD8CDDD00A410F9 = {
			isa = PBXGroup;
			children = (
				490167911AD8CDDD00A410F9 /* Exercise22 */,
				490167901AD8CDDD00A410F9 /* Products */,
			);
			sourceTree = "<group>";
		};
		490167901AD8CDDD00A410F9 /* Products */ = {
			isa = PBXGroup;
			children = (
				4901678F1AD8CDDD00A410F9 /* Exercise22 */,
			);
			name = Products;
			sourceTree = "<group>";
		};
		490167911AD8CDDD00A410F9 /* Exercise22 */ = {
			isa = PBXGroup;
			children = (
				490167921AD8CDDD00A410F9 /* main.m */,
			);
			path = Exercise22;
			sourceTree = "<group>";
		};
/* End PBXGroup section */

/* Begin PBXNativeTarget section */
		4901678E1AD8CDDD00A410F9 /* Exercise22 */ = {
			isa = PBXNativeTarget;
			buildConfigurationList = 490167961AD8CDDD00A410F9 /* Build configuration list for PBXNativeTarget "Exercise22" */;
			buildPhases = (
				4901678B1AD8CDDD00A410F9 /* Sources */,
				4901678C1AD8CDDD00A410F9 /* Frameworks */,
				4901678D1AD8CDDD00A410F9 /* CopyFiles */,
			);
			buildRules = (
			);
			dependencies = (
			);
			name = Exercise22;
			productName = Exercise22;
			productReference = 4901678F1AD8CDDD00A410F9 /* Exercise22 */;
			productType = "com.apple.product-type.tool";
		};
/* End PBXNativeTarget section */

/* Begin PBXProject section */
		490167871AD8CDDD00A410F9 /* Project object */ = {
			isa = PBXProject;
			attributes = {
				LastUpgradeCheck = 0620;
				ORGANIZATIONNAME = "miguel castro";
				TargetAttributes = {
					4901678E1AD8CDDD00A410F9 = {
						CreatedOnToolsVersion = 6.2;
					};
				};
			};
			buildConfigurationList = 4901678A1AD8CDDD00A410F9 /* Build configuration list for PBXProject "Exercise22" */;
			compatibilityVersion = "Xcode 3.2";
			developmentRegion = English;
			hasScannedForEncodings = 0;
			knownRegions = (
				en,
			);
			mainGroup = 490167861AD8CDDD00A410F9;
			productRefGroup = 490167901AD8CDDD00A410F9 /* Products */;
			projectDirPath = "";
			projectRoot = "";
			targets = (
				4901678E1AD8CDDD00A410F9 /* Exercise22 */,
			);
		};
/* End PBXProject section */

/* Begin PBXSourcesBuildPhase section */
		4901678B1AD8CDDD00A410F9 /* Sources */ = {
			isa = PBXSourcesBuildPhase;
			buildActionMask = 2147483647;
			files = (
				490167931AD8CDDD00A410F9 /* main.m in Sources */,
			);
			runOnlyForDeploymentPostprocessing = 0;
		};
/* End PBXSourcesBuildPhase section */

/* Begin XCBuildConfiguration section */
		490167941AD8CDDD00A410F9 /* Debug */ = {
			isa = XCBuildConfiguration;
			buildSettings = {
				ALWAYS_SEARCH_USER_PATHS = NO;
				CLANG_CXX_LANGUAGE_STANDARD = "gnu++0x";
				CLANG_CXX_LIBRARY = "libc++";
				CLANG_ENABLE_MODULES = YES;
				CLANG_ENABLE_OBJC_ARC = YES;
				CLANG_WARN_BOOL_CONVERSION = YES;
				CLANG_WARN_CONSTANT_CONVERSION = YES;
				CLANG_WARN_DIRECT_OBJC_ISA_USAGE = YES_ERROR;
				CLANG_WARN_EMPTY_BODY = YES;
				CLANG_WARN_ENUM_CONVERSION = YES;
				CLANG_WARN_INT_CONVERSION = YES;
				CLANG_WARN_OBJC_ROOT_CLASS = YES_ERROR;
				CLANG_WARN_UNREACHABLE_CODE = YES;
				CLANG_WARN__DUPLICATE_METHOD_MATCH = YES;
				COPY_PHASE_STRIP = NO;
				ENABLE_STRICT_OBJC_MSGSEND = YES;
				GCC_C_LANGUAGE_STANDARD = gnu99;
				GCC_DYNAMIC_NO_PIC = NO;
				GCC_OPTIMIZATION_LEVEL = 0;
				GCC_PREPROCESSOR_DEFINITIONS = (
					"DEBUG=1",
					"$(inherited)",
				);
				GCC_SYMBOLS_PRIVATE_EXTERN = NO;
				GCC_WARN_64_TO_32_BIT_CONVERSION = YES;
				GCC_WARN_ABOUT_RETURN_TYPE = YES_ERROR;
				GCC_WARN_UNDECLARED_SELECTOR = YES;
				GCC_WARN_UNINITIALIZED_AUTOS = YES_AGGRESSIVE;
				GCC_WARN_UNUSED_FUNCTION = YES;
				GCC_WARN_UNUSED_VARIABLE = YES;
				MACOSX_DEPLOYMENT_TARGET = 10.10;
				MTL_ENABLE_DEBUG_INFO = YES;
				ONLY_ACTIVE_ARCH = YES;
				SDKROOT = macosx;
			};
			name = Debug;
		};
		490167951AD8CDDD00A410F9 /* Release */ = {
			isa = XCBuildConfiguration;
			buildSettings = {
				ALWAYS_SEARCH_USER_PATHS = NO;
				CLANG_CXX_LANGUAGE_STANDARD = "gnu++0x";
				CLANG_CXX_LIBRARY = "libc++";
				CLANG_ENABLE_MODULES = YES;
				CLANG_ENABLE_OBJC_ARC = YES;
				CLANG_WARN_BOOL_CONVERSION = YES;
				CLANG_WARN_CONSTANT_CONVERSION = YES;
				CLANG_WARN_DIRECT_OBJC_ISA_USAGE = YES_ERROR;
				CLANG_WARN_EMPTY_BODY = YES;
				CLANG_WARN_ENUM_CONVERSION = YES;
				CLANG_WARN_INT_CONVERSION = YES;
				CLANG_WARN_OBJC_ROOT_CLASS = YES_ERROR;
				CLANG_WARN_UNREACHABLE_CODE = YES;
				CLANG_WARN__DUPLICATE_METHOD_MATCH = YES;
				COPY_PHASE_STRIP = NO;
				DEBUG_INFORMATION_FORMAT = "dwarf-with-dsym";
				ENABLE_NS_ASSERTIONS = NO;
				ENABLE_STRICT_OBJC_MSGSEND = YES;
				GCC_C_LANGUAGE_STANDARD = gnu99;
				GCC_WARN_64_TO_32_BIT_CONVERSION = YES;
				GCC_WARN_ABOUT_RETURN_TYPE = YES_ERROR;
				GCC_WARN_UNDECLARED_SELECTOR = YES;
				GCC_WARN_UNINITIALIZED_AUTOS = YES_AGGRESSIVE;
				GCC_WARN_UNUSED_FUNCTION = YES;
				GCC_WARN_UNUSED_VARIABLE = YES;
				MACOSX_DEPLOYMENT_TARGET = 10.10;
				MTL_ENABLE_DEBUG_INFO = NO;
				SDKROOT = macosx;
			};
			name = Release;
		};
		490167971AD8CDDD00A410F9 /* Debug */ = {
			isa = XCBuildConfiguration;
			buildSettings = {
				PRODUCT_NAME = "$(TARGET_NAME)";
			};
			name = Debug;
		};
		490167981AD8CDDD00A410F9 /* Release */ = {
			isa = XCBuildConfiguration;
			buildSettings = {
				PRODUCT_NAME = "$(TARGET_NAME)";
			};
			name = Release;
		};
/* End XCBuildConfiguration section */

/* Begin XCConfigurationList section */
		4901678A1AD8CDDD00A410F9 /* Build configuration list for PBXProject "Exercise22" */ = {
			isa = XCConfigurationList;
			buildConfigurations = (
				490167941AD8CDDD00A410F9 /* Debug */,
				490167951AD8CDDD00A410F9 /* Release */,
			);
			defaultConfigurationIsVisible = 0;
			defaultConfigurationName = Release;
		};
		490167961AD8CDDD00A410F9 /* Build configuration list for PBXNativeTarget "Exercise22" */ = {
			isa = XCConfigurationList;
			buildConfigurations = (
				490167971AD8CDDD00A410F9 /* Debug */,
				490167981AD8CDDD00A410F9 /* Release */,
			);
			defaultConfigurationIsVisible = 0;
		};
/* End XCConfigurationList section */
	};
	rootObject = 490167871AD8CDDD00A410F9 /* Project object */;
}
