// !$*UTF8*$!
{
	archiveVersion = 1;
	classes = {
	};
	objectVersion = 46;
	objects = {

/* Begin PBXBuildFile section */
		49AAB8811AF71FD60096E47B /* main.m in Sources */ = {isa = PBXBuildFile; fileRef = 49AAB8801AF71FD60096E47B /* main.m */; };
/* End PBXBuildFile section */

/* Begin PBXCopyFilesBuildPhase section */
		49AAB87B1AF71FD60096E47B /* CopyFiles */ = {
			isa = PBXCopyFilesBuildPhase;
			buildActionMask = 2147483647;
			dstPath = /usr/share/man/man1/;
			dstSubfolderSpec = 0;
			files = (
			);
			runOnlyForDeploymentPostprocessing = 1;
		};
/* End PBXCopyFilesBuildPhase section */

/* Begin PBXFileReference section */
		49AAB87D1AF71FD60096E47B /* Exercise55 */ = {isa = PBXFileReference; explicitFileType = "compiled.mach-o.executable"; includeInIndex = 0; path = Exercise55; sourceTree = BUILT_PRODUCTS_DIR; };
		49AAB8801AF71FD60096E47B /* main.m */ = {isa = PBXFileReference; lastKnownFileType = sourcecode.c.objc; path = main.m; sourceTree = "<group>"; };
/* End PBXFileReference section */

/* Begin PBXFrameworksBuildPhase section */
		49AAB87A1AF71FD60096E47B /* Frameworks */ = {
			isa = PBXFrameworksBuildPhase;
			buildActionMask = 2147483647;
			files = (
			);
			runOnlyForDeploymentPostprocessing = 0;
		};
/* End PBXFrameworksBuildPhase section */

/* Begin PBXGroup section */
		49AAB8741AF71FD60096E47B = {
			isa = PBXGroup;
			children = (
				49AAB87F1AF71FD60096E47B /* Exercise55 */,
				49AAB87E1AF71FD60096E47B /* Products */,
			);
			sourceTree = "<group>";
		};
		49AAB87E1AF71FD60096E47B /* Products */ = {
			isa = PBXGroup;
			children = (
				49AAB87D1AF71FD60096E47B /* Exercise55 */,
			);
			name = Products;
			sourceTree = "<group>";
		};
		49AAB87F1AF71FD60096E47B /* Exercise55 */ = {
			isa = PBXGroup;
			children = (
				49AAB8801AF71FD60096E47B /* main.m */,
			);
			path = Exercise55;
			sourceTree = "<group>";
		};
/* End PBXGroup section */

/* Begin PBXNativeTarget section */
		49AAB87C1AF71FD60096E47B /* Exercise55 */ = {
			isa = PBXNativeTarget;
			buildConfigurationList = 49AAB8841AF71FD60096E47B /* Build configuration list for PBXNativeTarget "Exercise55" */;
			buildPhases = (
				49AAB8791AF71FD60096E47B /* Sources */,
				49AAB87A1AF71FD60096E47B /* Frameworks */,
				49AAB87B1AF71FD60096E47B /* CopyFiles */,
			);
			buildRules = (
			);
			dependencies = (
			);
			name = Exercise55;
			productName = Exercise55;
			productReference = 49AAB87D1AF71FD60096E47B /* Exercise55 */;
			productType = "com.apple.product-type.tool";
		};
/* End PBXNativeTarget section */

/* Begin PBXProject section */
		49AAB8751AF71FD60096E47B /* Project object */ = {
			isa = PBXProject;
			attributes = {
				LastUpgradeCheck = 0620;
				ORGANIZATIONNAME = "miguel castro";
				TargetAttributes = {
					49AAB87C1AF71FD60096E47B = {
						CreatedOnToolsVersion = 6.2;
					};
				};
			};
			buildConfigurationList = 49AAB8781AF71FD60096E47B /* Build configuration list for PBXProject "Exercise55" */;
			compatibilityVersion = "Xcode 3.2";
			developmentRegion = English;
			hasScannedForEncodings = 0;
			knownRegions = (
				en,
			);
			mainGroup = 49AAB8741AF71FD60096E47B;
			productRefGroup = 49AAB87E1AF71FD60096E47B /* Products */;
			projectDirPath = "";
			projectRoot = "";
			targets = (
				49AAB87C1AF71FD60096E47B /* Exercise55 */,
			);
		};
/* End PBXProject section */

/* Begin PBXSourcesBuildPhase section */
		49AAB8791AF71FD60096E47B /* Sources */ = {
			isa = PBXSourcesBuildPhase;
			buildActionMask = 2147483647;
			files = (
				49AAB8811AF71FD60096E47B /* main.m in Sources */,
			);
			runOnlyForDeploymentPostprocessing = 0;
		};
/* End PBXSourcesBuildPhase section */

/* Begin XCBuildConfiguration section */
		49AAB8821AF71FD60096E47B /* Debug */ = {
			isa = XCBuildConfiguration;
			buildSettings = {
				ALWAYS_SEARCH_USER_PATHS = NO;
				CLANG_CXX_LANGUAGE_STANDARD = "gnu++0x";
				CLANG_CXX_LIBRARY = "libc++";
				CLANG_ENABLE_MODULES = YES;
				CLANG_ENABLE_OBJC_ARC = YES;
				CLANG_WARN_BOOL_CONVERSION = YES;
				CLANG_WARN_CONSTANT_CONVERSION = YES;
				CLANG_WARN_DIRECT_OBJC_ISA_USAGE = YES_ERROR;
				CLANG_WARN_EMPTY_BODY = YES;
				CLANG_WARN_ENUM_CONVERSION = YES;
				CLANG_WARN_INT_CONVERSION = YES;
				CLANG_WARN_OBJC_ROOT_CLASS = YES_ERROR;
				CLANG_WARN_UNREACHABLE_CODE = YES;
				CLANG_WARN__DUPLICATE_METHOD_MATCH = YES;
				COPY_PHASE_STRIP = NO;
				ENABLE_STRICT_OBJC_MSGSEND = YES;
				GCC_C_LANGUAGE_STANDARD = gnu99;
				GCC_DYNAMIC_NO_PIC = NO;
				GCC_OPTIMIZATION_LEVEL = 0;
				GCC_PREPROCESSOR_DEFINITIONS = (
					"DEBUG=1",
					"$(inherited)",
				);
				GCC_SYMBOLS_PRIVATE_EXTERN = NO;
				GCC_WARN_64_TO_32_BIT_CONVERSION = YES;
				GCC_WARN_ABOUT_RETURN_TYPE = YES_ERROR;
				GCC_WARN_UNDECLARED_SELECTOR = YES;
				GCC_WARN_UNINITIALIZED_AUTOS = YES_AGGRESSIVE;
				GCC_WARN_UNUSED_FUNCTION = YES;
				GCC_WARN_UNUSED_VARIABLE = YES;
				MACOSX_DEPLOYMENT_TARGET = 10.10;
				MTL_ENABLE_DEBUG_INFO = YES;
				ONLY_ACTIVE_ARCH = YES;
				SDKROOT = macosx;
			};
			name = Debug;
		};
		49AAB8831AF71FD60096E47B /* Release */ = {
			isa = XCBuildConfiguration;
			buildSettings = {
				ALWAYS_SEARCH_USER_PATHS = NO;
				CLANG_CXX_LANGUAGE_STANDARD = "gnu++0x";
				CLANG_CXX_LIBRARY = "libc++";
				CLANG_ENABLE_MODULES = YES;
				CLANG_ENABLE_OBJC_ARC = YES;
				CLANG_WARN_BOOL_CONVERSION = YES;
				CLANG_WARN_CONSTANT_CONVERSION = YES;
				CLANG_WARN_DIRECT_OBJC_ISA_USAGE = YES_ERROR;
				CLANG_WARN_EMPTY_BODY = YES;
				CLANG_WARN_ENUM_CONVERSION = YES;
				CLANG_WARN_INT_CONVERSION = YES;
				CLANG_WARN_OBJC_ROOT_CLASS = YES_ERROR;
				CLANG_WARN_UNREACHABLE_CODE = YES;
				CLANG_WARN__DUPLICATE_METHOD_MATCH = YES;
				COPY_PHASE_STRIP = NO;
				DEBUG_INFORMATION_FORMAT = "dwarf-with-dsym";
				ENABLE_NS_ASSERTIONS = NO;
				ENABLE_STRICT_OBJC_MSGSEND = YES;
				GCC_C_LANGUAGE_STANDARD = gnu99;
				GCC_WARN_64_TO_32_BIT_CONVERSION = YES;
				GCC_WARN_ABOUT_RETURN_TYPE = YES_ERROR;
				GCC_WARN_UNDECLARED_SELECTOR = YES;
				GCC_WARN_UNINITIALIZED_AUTOS = YES_AGGRESSIVE;
				GCC_WARN_UNUSED_FUNCTION = YES;
				GCC_WARN_UNUSED_VARIABLE = YES;
				MACOSX_DEPLOYMENT_TARGET = 10.10;
				MTL_ENABLE_DEBUG_INFO = NO;
				SDKROOT = macosx;
			};
			name = Release;
		};
		49AAB8851AF71FD60096E47B /* Debug */ = {
			isa = XCBuildConfiguration;
			buildSettings = {
				PRODUCT_NAME = "$(TARGET_NAME)";
			};
			name = Debug;
		};
		49AAB8861AF71FD60096E47B /* Release */ = {
			isa = XCBuildConfiguration;
			buildSettings = {
				PRODUCT_NAME = "$(TARGET_NAME)";
			};
			name = Release;
		};
/* End XCBuildConfiguration section */

/* Begin XCConfigurationList section */
		49AAB8781AF71FD60096E47B /* Build configuration list for PBXProject "Exercise55" */ = {
			isa = XCConfigurationList;
			buildConfigurations = (
				49AAB8821AF71FD60096E47B /* Debug */,
				49AAB8831AF71FD60096E47B /* Release */,
			);
			defaultConfigurationIsVisible = 0;
			defaultConfigurationName = Release;
		};
		49AAB8841AF71FD60096E47B /* Build configuration list for PBXNativeTarget "Exercise55" */ = {
			isa = XCConfigurationList;
			buildConfigurations = (
				49AAB8851AF71FD60096E47B /* Debug */,
				49AAB8861AF71FD60096E47B /* Release */,
			);
			defaultConfigurationIsVisible = 0;
		};
/* End XCConfigurationList section */
	};
	rootObject = 49AAB8751AF71FD60096E47B /* Project object */;
}
